
Microsoft Visual Studio Solution File, Format Version 12.00
# Visual Studio Express 2012 for Windows Desktop
Project("{FAE04EC0-301F-11D3-BF4B-00C04F79EFBC}") = "1-PeaceOfCake", "PeaceOfCake\1-PeaceOfCake.csproj", "{4E5F29AC-8710-4ED2-A07D-9242080F4143}"
EndProject
Project("{FAE04EC0-301F-11D3-BF4B-00C04F79EFBC}") = "2-AngryFemaleGPS", "AngryFemaleGPS\2-AngryFemaleGPS.csproj", "{D39951F2-5ED1-4DFB-9168-8AE6346293E9}"
EndProject
Project("{FAE04EC0-301F-11D3-BF4B-00C04F79EFBC}") = "3-OnesAndZeros", "OnesAndZeros\3-OnesAndZeros.csproj", "{43AE44CB-804B-4FFB-A3C7-A3A2F830F76C}"
EndProject
Project("{FAE04EC0-301F-11D3-BF4B-00C04F79EFBC}") = "4-Eggcelent", "Eggcelent\4-Eggcelent.csproj", "{EE3DB305-C936-47D9-AB8D-83357159C3CC}"
EndProject
Project("{FAE04EC0-301F-11D3-BF4B-00C04F79EFBC}") = "5-NaBabaMiSmetalnika", "NaBabaMiSmetalnika\5-NaBabaMiSmetalnika.csproj", "{4E045270-D7DF-45BF-B68B-B07269D5E336}"
EndProject
Global
	GlobalSection(SolutionConfigurationPlatforms) = preSolution
		Debug|Any CPU = Debug|Any CPU
		Release|Any CPU = Release|Any CPU
	EndGlobalSection
	GlobalSection(ProjectConfigurationPlatforms) = postSolution
		{4E5F29AC-8710-4ED2-A07D-9242080F4143}.Debug|Any CPU.ActiveCfg = Debug|Any CPU
		{4E5F29AC-8710-4ED2-A07D-9242080F4143}.Debug|Any CPU.Build.0 = Debug|Any CPU
		{4E5F29AC-8710-4ED2-A07D-9242080F4143}.Release|Any CPU.ActiveCfg = Release|Any CPU
		{4E5F29AC-8710-4ED2-A07D-9242080F4143}.Release|Any CPU.Build.0 = Release|Any CPU
		{D39951F2-5ED1-4DFB-9168-8AE6346293E9}.Debug|Any CPU.ActiveCfg = Debug|Any CPU
		{D39951F2-5ED1-4DFB-9168-8AE6346293E9}.Debug|Any CPU.Build.0 = Debug|Any CPU
		{D39951F2-5ED1-4DFB-9168-8AE6346293E9}.Release|Any CPU.ActiveCfg = Release|Any CPU
		{D39951F2-5ED1-4DFB-9168-8AE6346293E9}.Release|Any CPU.Build.0 = Release|Any CPU
		{43AE44CB-804B-4FFB-A3C7-A3A2F830F76C}.Debug|Any CPU.ActiveCfg = Debug|Any CPU
		{43AE44CB-804B-4FFB-A3C7-A3A2F830F76C}.Debug|Any CPU.Build.0 = Debug|Any CPU
		{43AE44CB-804B-4FFB-A3C7-A3A2F830F76C}.Release|Any CPU.ActiveCfg = Release|Any CPU
		{43AE44CB-804B-4FFB-A3C7-A3A2F830F76C}.Release|Any CPU.Build.0 = Release|Any CPU
		{EE3DB305-C936-47D9-AB8D-83357159C3CC}.Debug|Any CPU.ActiveCfg = Debug|Any CPU
		{EE3DB305-C936-47D9-AB8D-83357159C3CC}.Debug|Any CPU.Build.0 = Debug|Any CPU
		{EE3DB305-C936-47D9-AB8D-83357159C3CC}.Release|Any CPU.ActiveCfg = Release|Any CPU
		{EE3DB305-C936-47D9-AB8D-83357159C3CC}.Release|Any CPU.Build.0 = Release|Any CPU
		{4E045270-D7DF-45BF-B68B-B07269D5E336}.Debug|Any CPU.ActiveCfg = Debug|Any CPU
		{4E045270-D7DF-45BF-B68B-B07269D5E336}.Debug|Any CPU.Build.0 = Debug|Any CPU
		{4E045270-D7DF-45BF-B68B-B07269D5E336}.Release|Any CPU.ActiveCfg = Release|Any CPU
		{4E045270-D7DF-45BF-B68B-B07269D5E336}.Release|Any CPU.Build.0 = Release|Any CPU
	EndGlobalSection
	GlobalSection(SolutionProperties) = preSolution
		HideSolutionNode = FALSE
	EndGlobalSection
EndGlobal
