
Microsoft Visual Studio Solution File, Format Version 12.00
# Visual Studio 2013
VisualStudioVersion = 12.0.30501.0
MinimumVisualStudioVersion = 10.0.40219.1
Project("{FAE04EC0-301F-11D3-BF4B-00C04F79EFBC}") = "SuperMarketQueue", "SuperMarketQueue\SuperMarketQueue.csproj", "{09892A54-052B-437E-A271-3C9688A30C37}"
EndProject
Project("{FAE04EC0-301F-11D3-BF4B-00C04F79EFBC}") = "3DLabyrinth", "3DLabyrinth\3DLabyrinth.csproj", "{B1BCCC45-BEC7-411B-A6CE-61EE4CABC1F0}"
EndProject
Project("{FAE04EC0-301F-11D3-BF4B-00C04F79EFBC}") = "Bussinessmen", "Bussinessmen\Bussinessmen.csproj", "{C511552F-7FB6-432A-A4B2-725A98B5AB91}"
EndProject
Project("{FAE04EC0-301F-11D3-BF4B-00C04F79EFBC}") = "Frames", "Frames\Frames.csproj", "{AF8397FB-CCF6-43B6-813D-475CC9474A6D}"
EndProject
Project("{FAE04EC0-301F-11D3-BF4B-00C04F79EFBC}") = "RecoverTheMessage", "RecoverTheMessage\RecoverTheMessage.csproj", "{4ECFA285-1385-4333-983F-2AA070CAF9BF}"
EndProject
Project("{FAE04EC0-301F-11D3-BF4B-00C04F79EFBC}") = "ShoppingCenter", "ShoppingCenter\ShoppingCenter.csproj", "{EAF57E40-E312-4128-9DD6-3C903856FF7A}"
EndProject
Project("{FAE04EC0-301F-11D3-BF4B-00C04F79EFBC}") = "MessageInABottle", "MessageInABottle\MessageInABottle.csproj", "{6DC60846-008E-4488-840F-D78D165FB1A5}"
EndProject
Project("{FAE04EC0-301F-11D3-BF4B-00C04F79EFBC}") = "RiskWinsRiskLooses", "RiskWinsRiskLooses\RiskWinsRiskLooses.csproj", "{3AE32597-843A-48A1-AAE9-151464DDCB7F}"
EndProject
Global
	GlobalSection(SolutionConfigurationPlatforms) = preSolution
		Debug|Any CPU = Debug|Any CPU
		Release|Any CPU = Release|Any CPU
	EndGlobalSection
	GlobalSection(ProjectConfigurationPlatforms) = postSolution
		{09892A54-052B-437E-A271-3C9688A30C37}.Debug|Any CPU.ActiveCfg = Debug|Any CPU
		{09892A54-052B-437E-A271-3C9688A30C37}.Debug|Any CPU.Build.0 = Debug|Any CPU
		{09892A54-052B-437E-A271-3C9688A30C37}.Release|Any CPU.ActiveCfg = Release|Any CPU
		{09892A54-052B-437E-A271-3C9688A30C37}.Release|Any CPU.Build.0 = Release|Any CPU
		{B1BCCC45-BEC7-411B-A6CE-61EE4CABC1F0}.Debug|Any CPU.ActiveCfg = Debug|Any CPU
		{B1BCCC45-BEC7-411B-A6CE-61EE4CABC1F0}.Debug|Any CPU.Build.0 = Debug|Any CPU
		{B1BCCC45-BEC7-411B-A6CE-61EE4CABC1F0}.Release|Any CPU.ActiveCfg = Release|Any CPU
		{B1BCCC45-BEC7-411B-A6CE-61EE4CABC1F0}.Release|Any CPU.Build.0 = Release|Any CPU
		{C511552F-7FB6-432A-A4B2-725A98B5AB91}.Debug|Any CPU.ActiveCfg = Debug|Any CPU
		{C511552F-7FB6-432A-A4B2-725A98B5AB91}.Debug|Any CPU.Build.0 = Debug|Any CPU
		{C511552F-7FB6-432A-A4B2-725A98B5AB91}.Release|Any CPU.ActiveCfg = Release|Any CPU
		{C511552F-7FB6-432A-A4B2-725A98B5AB91}.Release|Any CPU.Build.0 = Release|Any CPU
		{AF8397FB-CCF6-43B6-813D-475CC9474A6D}.Debug|Any CPU.ActiveCfg = Debug|Any CPU
		{AF8397FB-CCF6-43B6-813D-475CC9474A6D}.Debug|Any CPU.Build.0 = Debug|Any CPU
		{AF8397FB-CCF6-43B6-813D-475CC9474A6D}.Release|Any CPU.ActiveCfg = Release|Any CPU
		{AF8397FB-CCF6-43B6-813D-475CC9474A6D}.Release|Any CPU.Build.0 = Release|Any CPU
		{4ECFA285-1385-4333-983F-2AA070CAF9BF}.Debug|Any CPU.ActiveCfg = Debug|Any CPU
		{4ECFA285-1385-4333-983F-2AA070CAF9BF}.Debug|Any CPU.Build.0 = Debug|Any CPU
		{4ECFA285-1385-4333-983F-2AA070CAF9BF}.Release|Any CPU.ActiveCfg = Release|Any CPU
		{4ECFA285-1385-4333-983F-2AA070CAF9BF}.Release|Any CPU.Build.0 = Release|Any CPU
		{EAF57E40-E312-4128-9DD6-3C903856FF7A}.Debug|Any CPU.ActiveCfg = Debug|Any CPU
		{EAF57E40-E312-4128-9DD6-3C903856FF7A}.Debug|Any CPU.Build.0 = Debug|Any CPU
		{EAF57E40-E312-4128-9DD6-3C903856FF7A}.Release|Any CPU.ActiveCfg = Release|Any CPU
		{EAF57E40-E312-4128-9DD6-3C903856FF7A}.Release|Any CPU.Build.0 = Release|Any CPU
		{6DC60846-008E-4488-840F-D78D165FB1A5}.Debug|Any CPU.ActiveCfg = Debug|Any CPU
		{6DC60846-008E-4488-840F-D78D165FB1A5}.Debug|Any CPU.Build.0 = Debug|Any CPU
		{6DC60846-008E-4488-840F-D78D165FB1A5}.Release|Any CPU.ActiveCfg = Release|Any CPU
		{6DC60846-008E-4488-840F-D78D165FB1A5}.Release|Any CPU.Build.0 = Release|Any CPU
		{3AE32597-843A-48A1-AAE9-151464DDCB7F}.Debug|Any CPU.ActiveCfg = Debug|Any CPU
		{3AE32597-843A-48A1-AAE9-151464DDCB7F}.Debug|Any CPU.Build.0 = Debug|Any CPU
		{3AE32597-843A-48A1-AAE9-151464DDCB7F}.Release|Any CPU.ActiveCfg = Release|Any CPU
		{3AE32597-843A-48A1-AAE9-151464DDCB7F}.Release|Any CPU.Build.0 = Release|Any CPU
	EndGlobalSection
	GlobalSection(SolutionProperties) = preSolution
		HideSolutionNode = FALSE
	EndGlobalSection
EndGlobal
