
Microsoft Visual Studio Solution File, Format Version 12.00
# Visual Studio 2013
VisualStudioVersion = 12.0.30501.0
MinimumVisualStudioVersion = 10.0.40219.1
Project("{FAE04EC0-301F-11D3-BF4B-00C04F79EFBC}") = "School", "School\School.csproj", "{867ACD4F-F9DB-4DFA-89C0-4BDC05D531A8}"
EndProject
Project("{FAE04EC0-301F-11D3-BF4B-00C04F79EFBC}") = "TestSchool", "TestSchool\TestSchool.csproj", "{816C139B-6EFE-45D9-8E1A-824AD25293F6}"
EndProject
Global
	GlobalSection(SolutionConfigurationPlatforms) = preSolution
		Debug|Any CPU = Debug|Any CPU
		Release|Any CPU = Release|Any CPU
	EndGlobalSection
	GlobalSection(ProjectConfigurationPlatforms) = postSolution
		{867ACD4F-F9DB-4DFA-89C0-4BDC05D531A8}.Debug|Any CPU.ActiveCfg = Debug|Any CPU
		{867ACD4F-F9DB-4DFA-89C0-4BDC05D531A8}.Debug|Any CPU.Build.0 = Debug|Any CPU
		{867ACD4F-F9DB-4DFA-89C0-4BDC05D531A8}.Release|Any CPU.ActiveCfg = Release|Any CPU
		{867ACD4F-F9DB-4DFA-89C0-4BDC05D531A8}.Release|Any CPU.Build.0 = Release|Any CPU
		{816C139B-6EFE-45D9-8E1A-824AD25293F6}.Debug|Any CPU.ActiveCfg = Debug|Any CPU
		{816C139B-6EFE-45D9-8E1A-824AD25293F6}.Debug|Any CPU.Build.0 = Debug|Any CPU
		{816C139B-6EFE-45D9-8E1A-824AD25293F6}.Release|Any CPU.ActiveCfg = Release|Any CPU
		{816C139B-6EFE-45D9-8E1A-824AD25293F6}.Release|Any CPU.Build.0 = Release|Any CPU
	EndGlobalSection
	GlobalSection(SolutionProperties) = preSolution
		HideSolutionNode = FALSE
	EndGlobalSection
EndGlobal
