
Microsoft Visual Studio Solution File, Format Version 12.00
# Visual Studio 2013
VisualStudioVersion = 12.0.30501.0
MinimumVisualStudioVersion = 10.0.40219.1
Project("{FAE04EC0-301F-11D3-BF4B-00C04F79EFBC}") = "Albums.Models", "Albums.Models\Albums.Models.csproj", "{B88B3167-9ED5-4986-9B6E-530273BC702A}"
EndProject
Project("{FAE04EC0-301F-11D3-BF4B-00C04F79EFBC}") = "Albums.Data", "Albums.Data\Albums.Data.csproj", "{16325AA3-A041-4812-A8E1-F69F00681BA2}"
EndProject
Project("{FAE04EC0-301F-11D3-BF4B-00C04F79EFBC}") = "Albums.Services", "Albums.Services\Albums.Services.csproj", "{BC8FA16A-D920-47C9-9219-112C81D5E43F}"
EndProject
Global
	GlobalSection(SolutionConfigurationPlatforms) = preSolution
		Debug|Any CPU = Debug|Any CPU
		Release|Any CPU = Release|Any CPU
	EndGlobalSection
	GlobalSection(ProjectConfigurationPlatforms) = postSolution
		{B88B3167-9ED5-4986-9B6E-530273BC702A}.Debug|Any CPU.ActiveCfg = Debug|Any CPU
		{B88B3167-9ED5-4986-9B6E-530273BC702A}.Debug|Any CPU.Build.0 = Debug|Any CPU
		{B88B3167-9ED5-4986-9B6E-530273BC702A}.Release|Any CPU.ActiveCfg = Release|Any CPU
		{B88B3167-9ED5-4986-9B6E-530273BC702A}.Release|Any CPU.Build.0 = Release|Any CPU
		{16325AA3-A041-4812-A8E1-F69F00681BA2}.Debug|Any CPU.ActiveCfg = Debug|Any CPU
		{16325AA3-A041-4812-A8E1-F69F00681BA2}.Debug|Any CPU.Build.0 = Debug|Any CPU
		{16325AA3-A041-4812-A8E1-F69F00681BA2}.Release|Any CPU.ActiveCfg = Release|Any CPU
		{16325AA3-A041-4812-A8E1-F69F00681BA2}.Release|Any CPU.Build.0 = Release|Any CPU
		{BC8FA16A-D920-47C9-9219-112C81D5E43F}.Debug|Any CPU.ActiveCfg = Debug|Any CPU
		{BC8FA16A-D920-47C9-9219-112C81D5E43F}.Debug|Any CPU.Build.0 = Debug|Any CPU
		{BC8FA16A-D920-47C9-9219-112C81D5E43F}.Release|Any CPU.ActiveCfg = Release|Any CPU
		{BC8FA16A-D920-47C9-9219-112C81D5E43F}.Release|Any CPU.Build.0 = Release|Any CPU
	EndGlobalSection
	GlobalSection(SolutionProperties) = preSolution
		HideSolutionNode = FALSE
	EndGlobalSection
EndGlobal
