
Microsoft Visual Studio Solution File, Format Version 12.00
# Visual Studio 2013
VisualStudioVersion = 12.0.21005.1
MinimumVisualStudioVersion = 10.0.40219.1
Project("{FAE04EC0-301F-11D3-BF4B-00C04F79EFBC}") = "01-DescribeStrings", "DescribeStrings\01-DescribeStrings.csproj", "{8A13DA2E-6FD5-4FD1-9E77-BF69F39A8FA0}"
EndProject
Project("{FAE04EC0-301F-11D3-BF4B-00C04F79EFBC}") = "02-ReverseString", "ReverseString\02-ReverseString.csproj", "{2E3B355D-4977-49EF-81E7-10D34C5169BC}"
EndProject
Project("{FAE04EC0-301F-11D3-BF4B-00C04F79EFBC}") = "03-CheckBrackets", "CheckBrackets\03-CheckBrackets.csproj", "{000E613F-C0C8-49EE-86EE-508A907FD4F3}"
EndProject
Project("{FAE04EC0-301F-11D3-BF4B-00C04F79EFBC}") = "04-SearchSubstrings", "SearchSubstrings\04-SearchSubstrings.csproj", "{1136F500-6199-431F-8A57-20898FF4201A}"
EndProject
Project("{FAE04EC0-301F-11D3-BF4B-00C04F79EFBC}") = "05-LowerToUpper", "LowerToUpper\05-LowerToUpper.csproj", "{A66E231F-460B-47E5-A85C-985429227B08}"
EndProject
Project("{FAE04EC0-301F-11D3-BF4B-00C04F79EFBC}") = "06-FillString", "FillString\06-FillString.csproj", "{BF527BA3-43B0-4F9C-8103-BE03AE1FDF75}"
EndProject
Project("{FAE04EC0-301F-11D3-BF4B-00C04F79EFBC}") = "07-EncryptionKey", "EncryptionKey\07-EncryptionKey.csproj", "{2BA5E239-EE09-489D-BAB5-D714DE87AB3F}"
EndProject
Project("{FAE04EC0-301F-11D3-BF4B-00C04F79EFBC}") = "08-ExtractSentences", "ExtractSentences\08-ExtractSentences.csproj", "{75B6E11E-7DCF-4CE1-94BB-B315A25711D8}"
EndProject
Project("{FAE04EC0-301F-11D3-BF4B-00C04F79EFBC}") = "09-ForbiddenWords", "ForbiddenWords\09-ForbiddenWords.csproj", "{E082D5E2-9211-4DE2-B04C-C625894420BB}"
EndProject
Project("{FAE04EC0-301F-11D3-BF4B-00C04F79EFBC}") = "10-UnicodeCharacters", "UnicodeCharacters\10-UnicodeCharacters.csproj", "{562A059F-55A0-4F32-B6D1-6C094E6D3616}"
EndProject
Project("{FAE04EC0-301F-11D3-BF4B-00C04F79EFBC}") = "11-FormatNumber", "FormatNumber\11-FormatNumber.csproj", "{5606CE85-5778-42BE-AD74-3BFBED881ECA}"
EndProject
Project("{FAE04EC0-301F-11D3-BF4B-00C04F79EFBC}") = "12-URL", "URL\12-URL.csproj", "{91F9BF04-840C-408F-B075-D7B13B1D7EBC}"
EndProject
Project("{FAE04EC0-301F-11D3-BF4B-00C04F79EFBC}") = "13-ReverseSentence", "ReverseSentence\13-ReverseSentence.csproj", "{A08439D3-B25E-4741-8089-FDEA4EA33EE6}"
EndProject
Project("{FAE04EC0-301F-11D3-BF4B-00C04F79EFBC}") = "14-Dictionary", "Dictionary\14-Dictionary.csproj", "{654DB3F8-788C-41CD-91D8-A1FE457AA314}"
EndProject
Project("{FAE04EC0-301F-11D3-BF4B-00C04F79EFBC}") = "15-ReplaceTags", "ReplaceTags\15-ReplaceTags.csproj", "{BC8A1884-649E-43AB-A31B-96CC76739362}"
EndProject
Project("{FAE04EC0-301F-11D3-BF4B-00C04F79EFBC}") = "16-DaysDistance", "DaysDistance\16-DaysDistance.csproj", "{A3BCE9F7-7AAD-4F2B-A2EC-3E4496DC1D43}"
EndProject
Project("{FAE04EC0-301F-11D3-BF4B-00C04F79EFBC}") = "17-AddTime", "AddTime\17-AddTime.csproj", "{B7048A93-3197-4890-85F2-79909C354A25}"
EndProject
Project("{FAE04EC0-301F-11D3-BF4B-00C04F79EFBC}") = "18-ExtractEMails", "ExtractEMails\18-ExtractEMails.csproj", "{2E948A06-D3DD-4C6C-B058-7898863CD5E4}"
EndProject
Project("{FAE04EC0-301F-11D3-BF4B-00C04F79EFBC}") = "19-ExtractDates", "ExtractDates\19-ExtractDates.csproj", "{5F36C170-69CC-4111-AD3C-2F6A0160D87C}"
EndProject
Project("{FAE04EC0-301F-11D3-BF4B-00C04F79EFBC}") = "20-ExtractPalindromes", "ExtractPalindromes\20-ExtractPalindromes.csproj", "{F8A63884-8EF0-4304-9AA8-416CDB541AF9}"
EndProject
Project("{FAE04EC0-301F-11D3-BF4B-00C04F79EFBC}") = "21-CharsCount", "CharsCount\21-CharsCount.csproj", "{19441805-0232-4FBE-9EF1-A8D13ABE7052}"
EndProject
Project("{FAE04EC0-301F-11D3-BF4B-00C04F79EFBC}") = "22-WordsCounts", "WordsCounts\22-WordsCounts.csproj", "{E9D8BFF9-C6D7-4203-AF15-D28DC35EC94D}"
EndProject
Project("{FAE04EC0-301F-11D3-BF4B-00C04F79EFBC}") = "23-IdenticalLetters", "IdenticalLetters\23-IdenticalLetters.csproj", "{4705E99C-C352-4659-ADFA-F0937CE1B8E0}"
EndProject
Project("{FAE04EC0-301F-11D3-BF4B-00C04F79EFBC}") = "24-AlphabeticalOrder", "AlphabeticalOrder\24-AlphabeticalOrder.csproj", "{2C88859F-B196-49D3-8287-F3242BAEB0FF}"
EndProject
Project("{FAE04EC0-301F-11D3-BF4B-00C04F79EFBC}") = "ExtractFromHtml", "ExtractFromHtml\ExtractFromHtml.csproj", "{6C97FDC8-DF16-4993-9F47-A1EB15B52B7C}"
EndProject
Global
	GlobalSection(SolutionConfigurationPlatforms) = preSolution
		Debug|Any CPU = Debug|Any CPU
		Release|Any CPU = Release|Any CPU
	EndGlobalSection
	GlobalSection(ProjectConfigurationPlatforms) = postSolution
		{8A13DA2E-6FD5-4FD1-9E77-BF69F39A8FA0}.Debug|Any CPU.ActiveCfg = Debug|Any CPU
		{8A13DA2E-6FD5-4FD1-9E77-BF69F39A8FA0}.Debug|Any CPU.Build.0 = Debug|Any CPU
		{8A13DA2E-6FD5-4FD1-9E77-BF69F39A8FA0}.Release|Any CPU.ActiveCfg = Release|Any CPU
		{8A13DA2E-6FD5-4FD1-9E77-BF69F39A8FA0}.Release|Any CPU.Build.0 = Release|Any CPU
		{2E3B355D-4977-49EF-81E7-10D34C5169BC}.Debug|Any CPU.ActiveCfg = Debug|Any CPU
		{2E3B355D-4977-49EF-81E7-10D34C5169BC}.Debug|Any CPU.Build.0 = Debug|Any CPU
		{2E3B355D-4977-49EF-81E7-10D34C5169BC}.Release|Any CPU.ActiveCfg = Release|Any CPU
		{2E3B355D-4977-49EF-81E7-10D34C5169BC}.Release|Any CPU.Build.0 = Release|Any CPU
		{000E613F-C0C8-49EE-86EE-508A907FD4F3}.Debug|Any CPU.ActiveCfg = Debug|Any CPU
		{000E613F-C0C8-49EE-86EE-508A907FD4F3}.Debug|Any CPU.Build.0 = Debug|Any CPU
		{000E613F-C0C8-49EE-86EE-508A907FD4F3}.Release|Any CPU.ActiveCfg = Release|Any CPU
		{000E613F-C0C8-49EE-86EE-508A907FD4F3}.Release|Any CPU.Build.0 = Release|Any CPU
		{1136F500-6199-431F-8A57-20898FF4201A}.Debug|Any CPU.ActiveCfg = Debug|Any CPU
		{1136F500-6199-431F-8A57-20898FF4201A}.Debug|Any CPU.Build.0 = Debug|Any CPU
		{1136F500-6199-431F-8A57-20898FF4201A}.Release|Any CPU.ActiveCfg = Release|Any CPU
		{1136F500-6199-431F-8A57-20898FF4201A}.Release|Any CPU.Build.0 = Release|Any CPU
		{A66E231F-460B-47E5-A85C-985429227B08}.Debug|Any CPU.ActiveCfg = Debug|Any CPU
		{A66E231F-460B-47E5-A85C-985429227B08}.Debug|Any CPU.Build.0 = Debug|Any CPU
		{A66E231F-460B-47E5-A85C-985429227B08}.Release|Any CPU.ActiveCfg = Release|Any CPU
		{A66E231F-460B-47E5-A85C-985429227B08}.Release|Any CPU.Build.0 = Release|Any CPU
		{BF527BA3-43B0-4F9C-8103-BE03AE1FDF75}.Debug|Any CPU.ActiveCfg = Debug|Any CPU
		{BF527BA3-43B0-4F9C-8103-BE03AE1FDF75}.Debug|Any CPU.Build.0 = Debug|Any CPU
		{BF527BA3-43B0-4F9C-8103-BE03AE1FDF75}.Release|Any CPU.ActiveCfg = Release|Any CPU
		{BF527BA3-43B0-4F9C-8103-BE03AE1FDF75}.Release|Any CPU.Build.0 = Release|Any CPU
		{2BA5E239-EE09-489D-BAB5-D714DE87AB3F}.Debug|Any CPU.ActiveCfg = Debug|Any CPU
		{2BA5E239-EE09-489D-BAB5-D714DE87AB3F}.Debug|Any CPU.Build.0 = Debug|Any CPU
		{2BA5E239-EE09-489D-BAB5-D714DE87AB3F}.Release|Any CPU.ActiveCfg = Release|Any CPU
		{2BA5E239-EE09-489D-BAB5-D714DE87AB3F}.Release|Any CPU.Build.0 = Release|Any CPU
		{75B6E11E-7DCF-4CE1-94BB-B315A25711D8}.Debug|Any CPU.ActiveCfg = Debug|Any CPU
		{75B6E11E-7DCF-4CE1-94BB-B315A25711D8}.Debug|Any CPU.Build.0 = Debug|Any CPU
		{75B6E11E-7DCF-4CE1-94BB-B315A25711D8}.Release|Any CPU.ActiveCfg = Release|Any CPU
		{75B6E11E-7DCF-4CE1-94BB-B315A25711D8}.Release|Any CPU.Build.0 = Release|Any CPU
		{E082D5E2-9211-4DE2-B04C-C625894420BB}.Debug|Any CPU.ActiveCfg = Debug|Any CPU
		{E082D5E2-9211-4DE2-B04C-C625894420BB}.Debug|Any CPU.Build.0 = Debug|Any CPU
		{E082D5E2-9211-4DE2-B04C-C625894420BB}.Release|Any CPU.ActiveCfg = Release|Any CPU
		{E082D5E2-9211-4DE2-B04C-C625894420BB}.Release|Any CPU.Build.0 = Release|Any CPU
		{562A059F-55A0-4F32-B6D1-6C094E6D3616}.Debug|Any CPU.ActiveCfg = Debug|Any CPU
		{562A059F-55A0-4F32-B6D1-6C094E6D3616}.Debug|Any CPU.Build.0 = Debug|Any CPU
		{562A059F-55A0-4F32-B6D1-6C094E6D3616}.Release|Any CPU.ActiveCfg = Release|Any CPU
		{562A059F-55A0-4F32-B6D1-6C094E6D3616}.Release|Any CPU.Build.0 = Release|Any CPU
		{5606CE85-5778-42BE-AD74-3BFBED881ECA}.Debug|Any CPU.ActiveCfg = Debug|Any CPU
		{5606CE85-5778-42BE-AD74-3BFBED881ECA}.Debug|Any CPU.Build.0 = Debug|Any CPU
		{5606CE85-5778-42BE-AD74-3BFBED881ECA}.Release|Any CPU.ActiveCfg = Release|Any CPU
		{5606CE85-5778-42BE-AD74-3BFBED881ECA}.Release|Any CPU.Build.0 = Release|Any CPU
		{91F9BF04-840C-408F-B075-D7B13B1D7EBC}.Debug|Any CPU.ActiveCfg = Debug|Any CPU
		{91F9BF04-840C-408F-B075-D7B13B1D7EBC}.Debug|Any CPU.Build.0 = Debug|Any CPU
		{91F9BF04-840C-408F-B075-D7B13B1D7EBC}.Release|Any CPU.ActiveCfg = Release|Any CPU
		{91F9BF04-840C-408F-B075-D7B13B1D7EBC}.Release|Any CPU.Build.0 = Release|Any CPU
		{A08439D3-B25E-4741-8089-FDEA4EA33EE6}.Debug|Any CPU.ActiveCfg = Debug|Any CPU
		{A08439D3-B25E-4741-8089-FDEA4EA33EE6}.Debug|Any CPU.Build.0 = Debug|Any CPU
		{A08439D3-B25E-4741-8089-FDEA4EA33EE6}.Release|Any CPU.ActiveCfg = Release|Any CPU
		{A08439D3-B25E-4741-8089-FDEA4EA33EE6}.Release|Any CPU.Build.0 = Release|Any CPU
		{654DB3F8-788C-41CD-91D8-A1FE457AA314}.Debug|Any CPU.ActiveCfg = Debug|Any CPU
		{654DB3F8-788C-41CD-91D8-A1FE457AA314}.Debug|Any CPU.Build.0 = Debug|Any CPU
		{654DB3F8-788C-41CD-91D8-A1FE457AA314}.Release|Any CPU.ActiveCfg = Release|Any CPU
		{654DB3F8-788C-41CD-91D8-A1FE457AA314}.Release|Any CPU.Build.0 = Release|Any CPU
		{BC8A1884-649E-43AB-A31B-96CC76739362}.Debug|Any CPU.ActiveCfg = Debug|Any CPU
		{BC8A1884-649E-43AB-A31B-96CC76739362}.Debug|Any CPU.Build.0 = Debug|Any CPU
		{BC8A1884-649E-43AB-A31B-96CC76739362}.Release|Any CPU.ActiveCfg = Release|Any CPU
		{BC8A1884-649E-43AB-A31B-96CC76739362}.Release|Any CPU.Build.0 = Release|Any CPU
		{A3BCE9F7-7AAD-4F2B-A2EC-3E4496DC1D43}.Debug|Any CPU.ActiveCfg = Debug|Any CPU
		{A3BCE9F7-7AAD-4F2B-A2EC-3E4496DC1D43}.Debug|Any CPU.Build.0 = Debug|Any CPU
		{A3BCE9F7-7AAD-4F2B-A2EC-3E4496DC1D43}.Release|Any CPU.ActiveCfg = Release|Any CPU
		{A3BCE9F7-7AAD-4F2B-A2EC-3E4496DC1D43}.Release|Any CPU.Build.0 = Release|Any CPU
		{B7048A93-3197-4890-85F2-79909C354A25}.Debug|Any CPU.ActiveCfg = Debug|Any CPU
		{B7048A93-3197-4890-85F2-79909C354A25}.Debug|Any CPU.Build.0 = Debug|Any CPU
		{B7048A93-3197-4890-85F2-79909C354A25}.Release|Any CPU.ActiveCfg = Release|Any CPU
		{B7048A93-3197-4890-85F2-79909C354A25}.Release|Any CPU.Build.0 = Release|Any CPU
		{2E948A06-D3DD-4C6C-B058-7898863CD5E4}.Debug|Any CPU.ActiveCfg = Debug|Any CPU
		{2E948A06-D3DD-4C6C-B058-7898863CD5E4}.Debug|Any CPU.Build.0 = Debug|Any CPU
		{2E948A06-D3DD-4C6C-B058-7898863CD5E4}.Release|Any CPU.ActiveCfg = Release|Any CPU
		{2E948A06-D3DD-4C6C-B058-7898863CD5E4}.Release|Any CPU.Build.0 = Release|Any CPU
		{5F36C170-69CC-4111-AD3C-2F6A0160D87C}.Debug|Any CPU.ActiveCfg = Debug|Any CPU
		{5F36C170-69CC-4111-AD3C-2F6A0160D87C}.Debug|Any CPU.Build.0 = Debug|Any CPU
		{5F36C170-69CC-4111-AD3C-2F6A0160D87C}.Release|Any CPU.ActiveCfg = Release|Any CPU
		{5F36C170-69CC-4111-AD3C-2F6A0160D87C}.Release|Any CPU.Build.0 = Release|Any CPU
		{F8A63884-8EF0-4304-9AA8-416CDB541AF9}.Debug|Any CPU.ActiveCfg = Debug|Any CPU
		{F8A63884-8EF0-4304-9AA8-416CDB541AF9}.Debug|Any CPU.Build.0 = Debug|Any CPU
		{F8A63884-8EF0-4304-9AA8-416CDB541AF9}.Release|Any CPU.ActiveCfg = Release|Any CPU
		{F8A63884-8EF0-4304-9AA8-416CDB541AF9}.Release|Any CPU.Build.0 = Release|Any CPU
		{19441805-0232-4FBE-9EF1-A8D13ABE7052}.Debug|Any CPU.ActiveCfg = Debug|Any CPU
		{19441805-0232-4FBE-9EF1-A8D13ABE7052}.Debug|Any CPU.Build.0 = Debug|Any CPU
		{19441805-0232-4FBE-9EF1-A8D13ABE7052}.Release|Any CPU.ActiveCfg = Release|Any CPU
		{19441805-0232-4FBE-9EF1-A8D13ABE7052}.Release|Any CPU.Build.0 = Release|Any CPU
		{E9D8BFF9-C6D7-4203-AF15-D28DC35EC94D}.Debug|Any CPU.ActiveCfg = Debug|Any CPU
		{E9D8BFF9-C6D7-4203-AF15-D28DC35EC94D}.Debug|Any CPU.Build.0 = Debug|Any CPU
		{E9D8BFF9-C6D7-4203-AF15-D28DC35EC94D}.Release|Any CPU.ActiveCfg = Release|Any CPU
		{E9D8BFF9-C6D7-4203-AF15-D28DC35EC94D}.Release|Any CPU.Build.0 = Release|Any CPU
		{4705E99C-C352-4659-ADFA-F0937CE1B8E0}.Debug|Any CPU.ActiveCfg = Debug|Any CPU
		{4705E99C-C352-4659-ADFA-F0937CE1B8E0}.Debug|Any CPU.Build.0 = Debug|Any CPU
		{4705E99C-C352-4659-ADFA-F0937CE1B8E0}.Release|Any CPU.ActiveCfg = Release|Any CPU
		{4705E99C-C352-4659-ADFA-F0937CE1B8E0}.Release|Any CPU.Build.0 = Release|Any CPU
		{2C88859F-B196-49D3-8287-F3242BAEB0FF}.Debug|Any CPU.ActiveCfg = Debug|Any CPU
		{2C88859F-B196-49D3-8287-F3242BAEB0FF}.Debug|Any CPU.Build.0 = Debug|Any CPU
		{2C88859F-B196-49D3-8287-F3242BAEB0FF}.Release|Any CPU.ActiveCfg = Release|Any CPU
		{2C88859F-B196-49D3-8287-F3242BAEB0FF}.Release|Any CPU.Build.0 = Release|Any CPU
		{6C97FDC8-DF16-4993-9F47-A1EB15B52B7C}.Debug|Any CPU.ActiveCfg = Debug|Any CPU
		{6C97FDC8-DF16-4993-9F47-A1EB15B52B7C}.Debug|Any CPU.Build.0 = Debug|Any CPU
		{6C97FDC8-DF16-4993-9F47-A1EB15B52B7C}.Release|Any CPU.ActiveCfg = Release|Any CPU
		{6C97FDC8-DF16-4993-9F47-A1EB15B52B7C}.Release|Any CPU.Build.0 = Release|Any CPU
	EndGlobalSection
	GlobalSection(SolutionProperties) = preSolution
		HideSolutionNode = FALSE
	EndGlobalSection
EndGlobal
