
Microsoft Visual Studio Solution File, Format Version 12.00
# Visual Studio 2013
VisualStudioVersion = 12.0.30501.0
MinimumVisualStudioVersion = 10.0.40219.1
Project("{FAE04EC0-301F-11D3-BF4B-00C04F79EFBC}") = "01.Profile", "Profile\01.Profile.csproj", "{EE7B8E7B-D8E7-4CA0-95F0-3E7EDE1B0C96}"
EndProject
Project("{FAE04EC0-301F-11D3-BF4B-00C04F79EFBC}") = "02.InternationalCompany", "InternationalCompany\02.InternationalCompany.csproj", "{51BAF8E5-1015-4997-B548-0D8D80DCF625}"
EndProject
Global
	GlobalSection(SolutionConfigurationPlatforms) = preSolution
		Debug|Any CPU = Debug|Any CPU
		Release|Any CPU = Release|Any CPU
	EndGlobalSection
	GlobalSection(ProjectConfigurationPlatforms) = postSolution
		{EE7B8E7B-D8E7-4CA0-95F0-3E7EDE1B0C96}.Debug|Any CPU.ActiveCfg = Debug|Any CPU
		{EE7B8E7B-D8E7-4CA0-95F0-3E7EDE1B0C96}.Debug|Any CPU.Build.0 = Debug|Any CPU
		{EE7B8E7B-D8E7-4CA0-95F0-3E7EDE1B0C96}.Release|Any CPU.ActiveCfg = Release|Any CPU
		{EE7B8E7B-D8E7-4CA0-95F0-3E7EDE1B0C96}.Release|Any CPU.Build.0 = Release|Any CPU
		{51BAF8E5-1015-4997-B548-0D8D80DCF625}.Debug|Any CPU.ActiveCfg = Debug|Any CPU
		{51BAF8E5-1015-4997-B548-0D8D80DCF625}.Debug|Any CPU.Build.0 = Debug|Any CPU
		{51BAF8E5-1015-4997-B548-0D8D80DCF625}.Release|Any CPU.ActiveCfg = Release|Any CPU
		{51BAF8E5-1015-4997-B548-0D8D80DCF625}.Release|Any CPU.Build.0 = Release|Any CPU
	EndGlobalSection
	GlobalSection(SolutionProperties) = preSolution
		HideSolutionNode = FALSE
	EndGlobalSection
EndGlobal
