
Microsoft Visual Studio Solution File, Format Version 12.00
# Visual Studio 2013
VisualStudioVersion = 12.0.21005.1
MinimumVisualStudioVersion = 10.0.40219.1
Project("{FAE04EC0-301F-11D3-BF4B-00C04F79EFBC}") = "01-BasicBasic", "BasicBasic\01-BasicBasic.csproj", "{0B77F231-EE5D-48EB-8CB3-4EF302688A1D}"
EndProject
Project("{FAE04EC0-301F-11D3-BF4B-00C04F79EFBC}") = "02-Crossword", "Crossword\02-Crossword.csproj", "{3B45FA7C-56DF-438E-BC77-D61334A7CE5B}"
EndProject
Project("{FAE04EC0-301F-11D3-BF4B-00C04F79EFBC}") = "03-Indices", "Indices\03-Indices.csproj", "{B42218E6-F935-46DA-B31E-7C4952C965AA}"
EndProject
Project("{FAE04EC0-301F-11D3-BF4B-00C04F79EFBC}") = "04-AcademyTasks", "AcademyTasks\04-AcademyTasks.csproj", "{D5119B7A-E049-45CC-939E-C8ABF6B2E82D}"
EndProject
Project("{FAE04EC0-301F-11D3-BF4B-00C04F79EFBC}") = "05-BasicLanguage", "BasicLanguage\05-BasicLanguage.csproj", "{1B6558F6-1E5B-4874-9249-D1407D90BDC2}"
EndProject
Project("{FAE04EC0-301F-11D3-BF4B-00C04F79EFBC}") = "06-MessageInABottle", "MessageInABottle\06-MessageInABottle.csproj", "{0D8355F4-357A-484C-BAA1-4A60A018D534}"
EndProject
Project("{FAE04EC0-301F-11D3-BF4B-00C04F79EFBC}") = "07-EncodeAndEncrypt", "EncodeAndEncrypt\07-EncodeAndEncrypt.csproj", "{37C2FB30-470A-46B9-AE6A-6AD3BA105CB2}"
EndProject
Project("{FAE04EC0-301F-11D3-BF4B-00C04F79EFBC}") = "08-TheyAreGreen", "TheyAreGreen\08-TheyAreGreen.csproj", "{667D82EB-00B8-4863-B628-8ECE2E1CCF1E}"
EndProject
Project("{FAE04EC0-301F-11D3-BF4B-00C04F79EFBC}") = "09-PHPVariables", "PHPVariables\09-PHPVariables.csproj", "{8F491E18-98D6-4D2C-8142-96B34EB1F909}"
EndProject
Project("{FAE04EC0-301F-11D3-BF4B-00C04F79EFBC}") = "10-MultiverseCommunication", "MultiverseCommunication\10-MultiverseCommunication.csproj", "{407A0016-584F-4FA7-8564-3493B6BB923A}"
EndProject
Project("{FAE04EC0-301F-11D3-BF4B-00C04F79EFBC}") = "11-MagicWords", "MagicWords\11-MagicWords.csproj", "{41038668-125E-4C14-9169-7D1D75BFD40C}"
EndProject
Project("{FAE04EC0-301F-11D3-BF4B-00C04F79EFBC}") = "12-KaspichanNumbers", "KaspichanNumbers\12-KaspichanNumbers.csproj", "{0A4086AD-033D-4277-AE0A-914BD2EE540C}"
EndProject
Project("{FAE04EC0-301F-11D3-BF4B-00C04F79EFBC}") = "13-GreedyDwarf", "GreedyDwarf\13-GreedyDwarf.csproj", "{DA72B3C0-3339-44E9-B203-05548345D445}"
EndProject
Project("{FAE04EC0-301F-11D3-BF4B-00C04F79EFBC}") = "14-ConsoleJustification", "ConsoleJustification\14-ConsoleJustification.csproj", "{ACC551D4-876D-4EBE-8BC4-8AE3545938AA}"
EndProject
Project("{FAE04EC0-301F-11D3-BF4B-00C04F79EFBC}") = "15-SpecialValue", "SpecialValue\15-SpecialValue.csproj", "{4FE7C4B2-1937-425F-AA40-C8D76BFEA14F}"
EndProject
Project("{FAE04EC0-301F-11D3-BF4B-00C04F79EFBC}") = "16-9gagNumbersa", "9gagNumbersa\16-9gagNumbersa.csproj", "{B163153F-11AB-46D0-AA51-51DE7DA36D1A}"
EndProject
Project("{FAE04EC0-301F-11D3-BF4B-00C04F79EFBC}") = "17-KukataIsDancing", "KukataIsDancing\17-KukataIsDancing.csproj", "{FB88A3DA-9E57-4E97-9740-83893DCE6DB4}"
EndProject
Project("{FAE04EC0-301F-11D3-BF4B-00C04F79EFBC}") = "18-ThreeInOne", "ThreeInOne\18-ThreeInOne.csproj", "{BFCB9C01-68FF-4023-884C-5384CCA4974C}"
EndProject
Project("{FAE04EC0-301F-11D3-BF4B-00C04F79EFBC}") = "19-Tubes", "Tubes\19-Tubes.csproj", "{10FE4397-038B-42F6-B692-771B4A8E5B4B}"
EndProject
Global
	GlobalSection(SolutionConfigurationPlatforms) = preSolution
		Debug|Any CPU = Debug|Any CPU
		Release|Any CPU = Release|Any CPU
	EndGlobalSection
	GlobalSection(ProjectConfigurationPlatforms) = postSolution
		{0B77F231-EE5D-48EB-8CB3-4EF302688A1D}.Debug|Any CPU.ActiveCfg = Debug|Any CPU
		{0B77F231-EE5D-48EB-8CB3-4EF302688A1D}.Debug|Any CPU.Build.0 = Debug|Any CPU
		{0B77F231-EE5D-48EB-8CB3-4EF302688A1D}.Release|Any CPU.ActiveCfg = Release|Any CPU
		{0B77F231-EE5D-48EB-8CB3-4EF302688A1D}.Release|Any CPU.Build.0 = Release|Any CPU
		{3B45FA7C-56DF-438E-BC77-D61334A7CE5B}.Debug|Any CPU.ActiveCfg = Debug|Any CPU
		{3B45FA7C-56DF-438E-BC77-D61334A7CE5B}.Debug|Any CPU.Build.0 = Debug|Any CPU
		{3B45FA7C-56DF-438E-BC77-D61334A7CE5B}.Release|Any CPU.ActiveCfg = Release|Any CPU
		{3B45FA7C-56DF-438E-BC77-D61334A7CE5B}.Release|Any CPU.Build.0 = Release|Any CPU
		{B42218E6-F935-46DA-B31E-7C4952C965AA}.Debug|Any CPU.ActiveCfg = Debug|Any CPU
		{B42218E6-F935-46DA-B31E-7C4952C965AA}.Debug|Any CPU.Build.0 = Debug|Any CPU
		{B42218E6-F935-46DA-B31E-7C4952C965AA}.Release|Any CPU.ActiveCfg = Release|Any CPU
		{B42218E6-F935-46DA-B31E-7C4952C965AA}.Release|Any CPU.Build.0 = Release|Any CPU
		{D5119B7A-E049-45CC-939E-C8ABF6B2E82D}.Debug|Any CPU.ActiveCfg = Debug|Any CPU
		{D5119B7A-E049-45CC-939E-C8ABF6B2E82D}.Debug|Any CPU.Build.0 = Debug|Any CPU
		{D5119B7A-E049-45CC-939E-C8ABF6B2E82D}.Release|Any CPU.ActiveCfg = Release|Any CPU
		{D5119B7A-E049-45CC-939E-C8ABF6B2E82D}.Release|Any CPU.Build.0 = Release|Any CPU
		{1B6558F6-1E5B-4874-9249-D1407D90BDC2}.Debug|Any CPU.ActiveCfg = Debug|Any CPU
		{1B6558F6-1E5B-4874-9249-D1407D90BDC2}.Debug|Any CPU.Build.0 = Debug|Any CPU
		{1B6558F6-1E5B-4874-9249-D1407D90BDC2}.Release|Any CPU.ActiveCfg = Release|Any CPU
		{1B6558F6-1E5B-4874-9249-D1407D90BDC2}.Release|Any CPU.Build.0 = Release|Any CPU
		{0D8355F4-357A-484C-BAA1-4A60A018D534}.Debug|Any CPU.ActiveCfg = Debug|Any CPU
		{0D8355F4-357A-484C-BAA1-4A60A018D534}.Debug|Any CPU.Build.0 = Debug|Any CPU
		{0D8355F4-357A-484C-BAA1-4A60A018D534}.Release|Any CPU.ActiveCfg = Release|Any CPU
		{0D8355F4-357A-484C-BAA1-4A60A018D534}.Release|Any CPU.Build.0 = Release|Any CPU
		{37C2FB30-470A-46B9-AE6A-6AD3BA105CB2}.Debug|Any CPU.ActiveCfg = Debug|Any CPU
		{37C2FB30-470A-46B9-AE6A-6AD3BA105CB2}.Debug|Any CPU.Build.0 = Debug|Any CPU
		{37C2FB30-470A-46B9-AE6A-6AD3BA105CB2}.Release|Any CPU.ActiveCfg = Release|Any CPU
		{37C2FB30-470A-46B9-AE6A-6AD3BA105CB2}.Release|Any CPU.Build.0 = Release|Any CPU
		{667D82EB-00B8-4863-B628-8ECE2E1CCF1E}.Debug|Any CPU.ActiveCfg = Debug|Any CPU
		{667D82EB-00B8-4863-B628-8ECE2E1CCF1E}.Debug|Any CPU.Build.0 = Debug|Any CPU
		{667D82EB-00B8-4863-B628-8ECE2E1CCF1E}.Release|Any CPU.ActiveCfg = Release|Any CPU
		{667D82EB-00B8-4863-B628-8ECE2E1CCF1E}.Release|Any CPU.Build.0 = Release|Any CPU
		{8F491E18-98D6-4D2C-8142-96B34EB1F909}.Debug|Any CPU.ActiveCfg = Debug|Any CPU
		{8F491E18-98D6-4D2C-8142-96B34EB1F909}.Debug|Any CPU.Build.0 = Debug|Any CPU
		{8F491E18-98D6-4D2C-8142-96B34EB1F909}.Release|Any CPU.ActiveCfg = Release|Any CPU
		{8F491E18-98D6-4D2C-8142-96B34EB1F909}.Release|Any CPU.Build.0 = Release|Any CPU
		{407A0016-584F-4FA7-8564-3493B6BB923A}.Debug|Any CPU.ActiveCfg = Debug|Any CPU
		{407A0016-584F-4FA7-8564-3493B6BB923A}.Debug|Any CPU.Build.0 = Debug|Any CPU
		{407A0016-584F-4FA7-8564-3493B6BB923A}.Release|Any CPU.ActiveCfg = Release|Any CPU
		{407A0016-584F-4FA7-8564-3493B6BB923A}.Release|Any CPU.Build.0 = Release|Any CPU
		{41038668-125E-4C14-9169-7D1D75BFD40C}.Debug|Any CPU.ActiveCfg = Debug|Any CPU
		{41038668-125E-4C14-9169-7D1D75BFD40C}.Debug|Any CPU.Build.0 = Debug|Any CPU
		{41038668-125E-4C14-9169-7D1D75BFD40C}.Release|Any CPU.ActiveCfg = Release|Any CPU
		{41038668-125E-4C14-9169-7D1D75BFD40C}.Release|Any CPU.Build.0 = Release|Any CPU
		{0A4086AD-033D-4277-AE0A-914BD2EE540C}.Debug|Any CPU.ActiveCfg = Debug|Any CPU
		{0A4086AD-033D-4277-AE0A-914BD2EE540C}.Debug|Any CPU.Build.0 = Debug|Any CPU
		{0A4086AD-033D-4277-AE0A-914BD2EE540C}.Release|Any CPU.ActiveCfg = Release|Any CPU
		{0A4086AD-033D-4277-AE0A-914BD2EE540C}.Release|Any CPU.Build.0 = Release|Any CPU
		{DA72B3C0-3339-44E9-B203-05548345D445}.Debug|Any CPU.ActiveCfg = Debug|Any CPU
		{DA72B3C0-3339-44E9-B203-05548345D445}.Debug|Any CPU.Build.0 = Debug|Any CPU
		{DA72B3C0-3339-44E9-B203-05548345D445}.Release|Any CPU.ActiveCfg = Release|Any CPU
		{DA72B3C0-3339-44E9-B203-05548345D445}.Release|Any CPU.Build.0 = Release|Any CPU
		{ACC551D4-876D-4EBE-8BC4-8AE3545938AA}.Debug|Any CPU.ActiveCfg = Debug|Any CPU
		{ACC551D4-876D-4EBE-8BC4-8AE3545938AA}.Debug|Any CPU.Build.0 = Debug|Any CPU
		{ACC551D4-876D-4EBE-8BC4-8AE3545938AA}.Release|Any CPU.ActiveCfg = Release|Any CPU
		{ACC551D4-876D-4EBE-8BC4-8AE3545938AA}.Release|Any CPU.Build.0 = Release|Any CPU
		{4FE7C4B2-1937-425F-AA40-C8D76BFEA14F}.Debug|Any CPU.ActiveCfg = Debug|Any CPU
		{4FE7C4B2-1937-425F-AA40-C8D76BFEA14F}.Debug|Any CPU.Build.0 = Debug|Any CPU
		{4FE7C4B2-1937-425F-AA40-C8D76BFEA14F}.Release|Any CPU.ActiveCfg = Release|Any CPU
		{4FE7C4B2-1937-425F-AA40-C8D76BFEA14F}.Release|Any CPU.Build.0 = Release|Any CPU
		{B163153F-11AB-46D0-AA51-51DE7DA36D1A}.Debug|Any CPU.ActiveCfg = Debug|Any CPU
		{B163153F-11AB-46D0-AA51-51DE7DA36D1A}.Debug|Any CPU.Build.0 = Debug|Any CPU
		{B163153F-11AB-46D0-AA51-51DE7DA36D1A}.Release|Any CPU.ActiveCfg = Release|Any CPU
		{B163153F-11AB-46D0-AA51-51DE7DA36D1A}.Release|Any CPU.Build.0 = Release|Any CPU
		{FB88A3DA-9E57-4E97-9740-83893DCE6DB4}.Debug|Any CPU.ActiveCfg = Debug|Any CPU
		{FB88A3DA-9E57-4E97-9740-83893DCE6DB4}.Debug|Any CPU.Build.0 = Debug|Any CPU
		{FB88A3DA-9E57-4E97-9740-83893DCE6DB4}.Release|Any CPU.ActiveCfg = Release|Any CPU
		{FB88A3DA-9E57-4E97-9740-83893DCE6DB4}.Release|Any CPU.Build.0 = Release|Any CPU
		{BFCB9C01-68FF-4023-884C-5384CCA4974C}.Debug|Any CPU.ActiveCfg = Debug|Any CPU
		{BFCB9C01-68FF-4023-884C-5384CCA4974C}.Debug|Any CPU.Build.0 = Debug|Any CPU
		{BFCB9C01-68FF-4023-884C-5384CCA4974C}.Release|Any CPU.ActiveCfg = Release|Any CPU
		{BFCB9C01-68FF-4023-884C-5384CCA4974C}.Release|Any CPU.Build.0 = Release|Any CPU
		{10FE4397-038B-42F6-B692-771B4A8E5B4B}.Debug|Any CPU.ActiveCfg = Debug|Any CPU
		{10FE4397-038B-42F6-B692-771B4A8E5B4B}.Debug|Any CPU.Build.0 = Debug|Any CPU
		{10FE4397-038B-42F6-B692-771B4A8E5B4B}.Release|Any CPU.ActiveCfg = Release|Any CPU
		{10FE4397-038B-42F6-B692-771B4A8E5B4B}.Release|Any CPU.Build.0 = Release|Any CPU
	EndGlobalSection
	GlobalSection(SolutionProperties) = preSolution
		HideSolutionNode = FALSE
	EndGlobalSection
EndGlobal
