
Microsoft Visual Studio Solution File, Format Version 12.00
# Visual Studio Express 2012 for Windows Desktop
Project("{FAE04EC0-301F-11D3-BF4B-00C04F79EFBC}") = "01-Carpets", "Carpets\01-Carpets.csproj", "{04EF75C0-D815-46F8-A8FA-423EB9FDA9A1}"
EndProject
Project("{FAE04EC0-301F-11D3-BF4B-00C04F79EFBC}") = "02-FirTree", "FirTree\02-FirTree.csproj", "{AA88E9DB-D9D7-4E69-9EDD-6905AB4EB698}"
EndProject
Project("{FAE04EC0-301F-11D3-BF4B-00C04F79EFBC}") = "03-TelerikLogo", "TelerikLogo\03-TelerikLogo.csproj", "{3060C149-8322-4509-9394-F182D2A7FFF1}"
EndProject
Project("{FAE04EC0-301F-11D3-BF4B-00C04F79EFBC}") = "04-UKFlag", "UKFlag\04-UKFlag.csproj", "{96080DEB-61AC-4A58-A155-EECA9625866E}"
EndProject
Project("{FAE04EC0-301F-11D3-BF4B-00C04F79EFBC}") = "05-AngryBits", "AngryBits\05-AngryBits.csproj", "{93251F36-EF9E-4304-A88A-FE77B61E1208}"
EndProject
Project("{FAE04EC0-301F-11D3-BF4B-00C04F79EFBC}") = "06-BitBall", "BitBall\06-BitBall.csproj", "{AE6930B8-F7B1-4BB6-8D33-1D64122A8D02}"
EndProject
Project("{FAE04EC0-301F-11D3-BF4B-00C04F79EFBC}") = "07-FormulaBits", "FormulaBits\07-FormulaBits.csproj", "{E0ECAF5D-1816-46B7-8069-A3CED2D4425E}"
EndProject
Project("{FAE04EC0-301F-11D3-BF4B-00C04F79EFBC}") = "08-Lines", "Lines\08-Lines.csproj", "{744F3850-FBF9-4015-8152-6DD61F5A9EC6}"
EndProject
Project("{FAE04EC0-301F-11D3-BF4B-00C04F79EFBC}") = "09-Pillars", "Pillars\09-Pillars.csproj", "{42B6415D-6B7A-4F14-B941-8A115FE26BB0}"
EndProject
Project("{FAE04EC0-301F-11D3-BF4B-00C04F79EFBC}") = "10-SubsetSums", "SubsetSums\10-SubsetSums.csproj", "{D37C93D4-ED72-466C-9E66-32E3B00D9ED6}"
EndProject
Project("{FAE04EC0-301F-11D3-BF4B-00C04F79EFBC}") = "11-Tribonacci", "Tribonacci\11-Tribonacci.csproj", "{1AA0E9BA-83BD-4A77-9C99-80F0E718818F}"
EndProject
Project("{FAE04EC0-301F-11D3-BF4B-00C04F79EFBC}") = "12-QuadronacciRectangle", "Quadronacci Rectangle\12-QuadronacciRectangle.csproj", "{A6849E8D-D2EA-49FA-A0A5-78C11B9CB4BE}"
EndProject
Project("{FAE04EC0-301F-11D3-BF4B-00C04F79EFBC}") = "13-MissCat", "MissCat\13-MissCat.csproj", "{5B305480-6696-4B55-8A25-1A0AA41639DF}"
EndProject
Project("{FAE04EC0-301F-11D3-BF4B-00C04F79EFBC}") = "14-AstrologicalDigits", "AstrologicalDigits\14-AstrologicalDigits.csproj", "{7CF71217-D747-4C6C-9BFB-6B212AF6554F}"
EndProject
Project("{FAE04EC0-301F-11D3-BF4B-00C04F79EFBC}") = "15-Anacci", "Anacci\15-Anacci.csproj", "{3FBF8BD2-7403-4B77-8094-55751C91BFEC}"
EndProject
Project("{FAE04EC0-301F-11D3-BF4B-00C04F79EFBC}") = "16-TrippleRotation", "TrippleRotation\16-TrippleRotation.csproj", "{152E6370-B195-48AC-8B60-334139CB7F78}"
EndProject
Project("{FAE04EC0-301F-11D3-BF4B-00C04F79EFBC}") = "17-NextDate", "NextDate\17-NextDate.csproj", "{A46A2CDE-058A-4DEF-BEE7-74A44EB62E98}"
EndProject
Project("{FAE04EC0-301F-11D3-BF4B-00C04F79EFBC}") = "18-UpAndDownGame", "UpAndDownGame\18-UpAndDownGame.csproj", "{CA42C0A1-F3B9-4C93-B21E-91E90DAD3AA9}"
EndProject
Project("{FAE04EC0-301F-11D3-BF4B-00C04F79EFBC}") = "19-CartesianCoordinateSystem", "CartesianCoordinateSystem\19-CartesianCoordinateSystem.csproj", "{A4C1C37B-0751-4A73-A295-5A0543DEF112}"
EndProject
Project("{FAE04EC0-301F-11D3-BF4B-00C04F79EFBC}") = "20-ShipDamage", "ShipDamage\20-ShipDamage.csproj", "{F09E4561-4621-4EA0-A65D-15EA8E534AF7}"
EndProject
Project("{FAE04EC0-301F-11D3-BF4B-00C04F79EFBC}") = "21-FighterAttack", "FighterAttack\21-FighterAttack.csproj", "{2E5D1652-E67C-4679-9EAA-49BFEEB574DD}"
EndProject
Project("{FAE04EC0-301F-11D3-BF4B-00C04F79EFBC}") = "22-MathExpression", "MathExpression\22-MathExpression.csproj", "{B387022E-EDDA-412B-B002-48A83CB3A982}"
EndProject
Project("{FAE04EC0-301F-11D3-BF4B-00C04F79EFBC}") = "23-SevenlandNumbers", "SevenlandNumbers\23-SevenlandNumbers.csproj", "{3F98227F-367F-428B-9C84-67790779FC78}"
EndProject
Project("{FAE04EC0-301F-11D3-BF4B-00C04F79EFBC}") = "24-Garden", "Garden\24-Garden.csproj", "{A3DB3099-69D8-4863-940E-E31275D069B6}"
EndProject
Project("{FAE04EC0-301F-11D3-BF4B-00C04F79EFBC}") = "25-BullsAndCows", "BullsAndCows\25-BullsAndCows.csproj", "{A8B80B0F-CD36-4F60-AA6F-744A236215C9}"
EndProject
Project("{FAE04EC0-301F-11D3-BF4B-00C04F79EFBC}") = "26-Neurons", "Neurons\26-Neurons.csproj", "{1462A8FD-67E1-4B5B-ACDB-738CB11429C8}"
EndProject
Project("{FAE04EC0-301F-11D3-BF4B-00C04F79EFBC}") = "27-CardWars", "CardWars\27-CardWars.csproj", "{228DEDE4-9E1E-46B3-98EA-8A97C8178F83}"
EndProject
Project("{FAE04EC0-301F-11D3-BF4B-00C04F79EFBC}") = "28-BitTris", "BitTris\28-BitTris.csproj", "{814FE25C-AC5E-4024-A95A-7B0CC78A144E}"
EndProject
Project("{FAE04EC0-301F-11D3-BF4B-00C04F79EFBC}") = "29-Fire", "Fire\29-Fire.csproj", "{47E698A4-E1BE-4970-AEA0-FD4BF1CABCFC}"
EndProject
Project("{FAE04EC0-301F-11D3-BF4B-00C04F79EFBC}") = "30-LeastMajorityMultiple", "LeastMajorityMultiple\30-LeastMajorityMultiple.csproj", "{72A80EC0-DCBF-4F00-8E95-A7C5AEC4304E}"
EndProject
Project("{FAE04EC0-301F-11D3-BF4B-00C04F79EFBC}") = "31-OddNumber", "OddNumber\31-OddNumber.csproj", "{2BF767B6-D305-46E1-813A-577518397BD1}"
EndProject
Project("{FAE04EC0-301F-11D3-BF4B-00C04F79EFBC}") = "32-Trapezoid", "Trapezoid\32-Trapezoid.csproj", "{5D5CFE02-6379-4BED-94AD-746E2A287A46}"
EndProject
Project("{FAE04EC0-301F-11D3-BF4B-00C04F79EFBC}") = "33-FallDown", "FallDown\33-FallDown.csproj", "{3541855A-F617-475F-B578-BAF6D27B0EA1}"
EndProject
Project("{FAE04EC0-301F-11D3-BF4B-00C04F79EFBC}") = "34-ForestRoad", "ForestRoad\34-ForestRoad.csproj", "{FE320D28-0B39-4535-8001-7C01654BB3EA}"
EndProject
Project("{FAE04EC0-301F-11D3-BF4B-00C04F79EFBC}") = "35-BinaryDigitsCount", "BinaryDigitsCount\35-BinaryDigitsCount.csproj", "{CBBB7F13-2138-4868-84D0-57E7829FC6F9}"
EndProject
Project("{FAE04EC0-301F-11D3-BF4B-00C04F79EFBC}") = "36-WeAllLoveBits", "WeAllLoveBits\36-WeAllLoveBits.csproj", "{4C94EF53-3B5A-4092-8136-E20B6DB02447}"
EndProject
Project("{FAE04EC0-301F-11D3-BF4B-00C04F79EFBC}") = "37-TribonacciTriangle", "TribonacciTriangle\37-TribonacciTriangle.csproj", "{325C68E2-E093-416A-B751-5753CAD9C5BA}"
EndProject
Project("{FAE04EC0-301F-11D3-BF4B-00C04F79EFBC}") = "38-Sheets", "Sheets\38-Sheets.csproj", "{AD63F893-8045-4DC2-A39D-A7E41D1E9887}"
EndProject
Project("{FAE04EC0-301F-11D3-BF4B-00C04F79EFBC}") = "39-SandGlass", "SandGlass\39-SandGlass.csproj", "{D45BDAC4-2C59-463F-B93E-AE7ECA29B7FA}"
EndProject
Project("{FAE04EC0-301F-11D3-BF4B-00C04F79EFBC}") = "40-DancingBits", "DancingBits\40-DancingBits.csproj", "{6D40471B-1C72-4585-AABD-AE54063D48AA}"
EndProject
Project("{FAE04EC0-301F-11D3-BF4B-00C04F79EFBC}") = "41-ExcelColumns", "ExcelColumns\41-ExcelColumns.csproj", "{A05317D3-9E16-45B8-985F-3D53424BF6EB}"
EndProject
Project("{FAE04EC0-301F-11D3-BF4B-00C04F79EFBC}") = "42-TheSecretsOfNumbers", "TheSecretsOfNumbers\42-TheSecretsOfNumbers.csproj", "{4D55C0CA-3790-49DF-A7B5-01A92CDD8F67}"
EndProject
Project("{FAE04EC0-301F-11D3-BF4B-00C04F79EFBC}") = "43-BatGoikoTower", "BatGoikoTower\43-BatGoikoTower.csproj", "{42BD80FD-9763-4BCF-A019-4063618B0B14}"
EndProject
Project("{FAE04EC0-301F-11D3-BF4B-00C04F79EFBC}") = "44-Poker", "Poker\44-Poker.csproj", "{89A02500-0EB3-4B47-8B88-3FBA9B033FBE}"
EndProject
Project("{FAE04EC0-301F-11D3-BF4B-00C04F79EFBC}") = "45-CoffeeMachine", "CoffeeMachine\45-CoffeeMachine.csproj", "{E9213708-239B-47A6-9FCE-C2DF5E4969DC}"
EndProject
Project("{FAE04EC0-301F-11D3-BF4B-00C04F79EFBC}") = "46-DrunkenNumbers", "DrunkenNumbers\46-DrunkenNumbers.csproj", "{D6A14C74-5091-4417-AC0B-10FE13354A6B}"
EndProject
Global
	GlobalSection(SolutionConfigurationPlatforms) = preSolution
		Debug|Any CPU = Debug|Any CPU
		Release|Any CPU = Release|Any CPU
	EndGlobalSection
	GlobalSection(ProjectConfigurationPlatforms) = postSolution
		{04EF75C0-D815-46F8-A8FA-423EB9FDA9A1}.Debug|Any CPU.ActiveCfg = Debug|Any CPU
		{04EF75C0-D815-46F8-A8FA-423EB9FDA9A1}.Debug|Any CPU.Build.0 = Debug|Any CPU
		{04EF75C0-D815-46F8-A8FA-423EB9FDA9A1}.Release|Any CPU.ActiveCfg = Release|Any CPU
		{04EF75C0-D815-46F8-A8FA-423EB9FDA9A1}.Release|Any CPU.Build.0 = Release|Any CPU
		{AA88E9DB-D9D7-4E69-9EDD-6905AB4EB698}.Debug|Any CPU.ActiveCfg = Debug|Any CPU
		{AA88E9DB-D9D7-4E69-9EDD-6905AB4EB698}.Debug|Any CPU.Build.0 = Debug|Any CPU
		{AA88E9DB-D9D7-4E69-9EDD-6905AB4EB698}.Release|Any CPU.ActiveCfg = Release|Any CPU
		{AA88E9DB-D9D7-4E69-9EDD-6905AB4EB698}.Release|Any CPU.Build.0 = Release|Any CPU
		{3060C149-8322-4509-9394-F182D2A7FFF1}.Debug|Any CPU.ActiveCfg = Debug|Any CPU
		{3060C149-8322-4509-9394-F182D2A7FFF1}.Debug|Any CPU.Build.0 = Debug|Any CPU
		{3060C149-8322-4509-9394-F182D2A7FFF1}.Release|Any CPU.ActiveCfg = Release|Any CPU
		{3060C149-8322-4509-9394-F182D2A7FFF1}.Release|Any CPU.Build.0 = Release|Any CPU
		{96080DEB-61AC-4A58-A155-EECA9625866E}.Debug|Any CPU.ActiveCfg = Debug|Any CPU
		{96080DEB-61AC-4A58-A155-EECA9625866E}.Debug|Any CPU.Build.0 = Debug|Any CPU
		{96080DEB-61AC-4A58-A155-EECA9625866E}.Release|Any CPU.ActiveCfg = Release|Any CPU
		{96080DEB-61AC-4A58-A155-EECA9625866E}.Release|Any CPU.Build.0 = Release|Any CPU
		{93251F36-EF9E-4304-A88A-FE77B61E1208}.Debug|Any CPU.ActiveCfg = Debug|Any CPU
		{93251F36-EF9E-4304-A88A-FE77B61E1208}.Debug|Any CPU.Build.0 = Debug|Any CPU
		{93251F36-EF9E-4304-A88A-FE77B61E1208}.Release|Any CPU.ActiveCfg = Release|Any CPU
		{93251F36-EF9E-4304-A88A-FE77B61E1208}.Release|Any CPU.Build.0 = Release|Any CPU
		{AE6930B8-F7B1-4BB6-8D33-1D64122A8D02}.Debug|Any CPU.ActiveCfg = Debug|Any CPU
		{AE6930B8-F7B1-4BB6-8D33-1D64122A8D02}.Debug|Any CPU.Build.0 = Debug|Any CPU
		{AE6930B8-F7B1-4BB6-8D33-1D64122A8D02}.Release|Any CPU.ActiveCfg = Release|Any CPU
		{AE6930B8-F7B1-4BB6-8D33-1D64122A8D02}.Release|Any CPU.Build.0 = Release|Any CPU
		{E0ECAF5D-1816-46B7-8069-A3CED2D4425E}.Debug|Any CPU.ActiveCfg = Debug|Any CPU
		{E0ECAF5D-1816-46B7-8069-A3CED2D4425E}.Debug|Any CPU.Build.0 = Debug|Any CPU
		{E0ECAF5D-1816-46B7-8069-A3CED2D4425E}.Release|Any CPU.ActiveCfg = Release|Any CPU
		{E0ECAF5D-1816-46B7-8069-A3CED2D4425E}.Release|Any CPU.Build.0 = Release|Any CPU
		{744F3850-FBF9-4015-8152-6DD61F5A9EC6}.Debug|Any CPU.ActiveCfg = Debug|Any CPU
		{744F3850-FBF9-4015-8152-6DD61F5A9EC6}.Debug|Any CPU.Build.0 = Debug|Any CPU
		{744F3850-FBF9-4015-8152-6DD61F5A9EC6}.Release|Any CPU.ActiveCfg = Release|Any CPU
		{744F3850-FBF9-4015-8152-6DD61F5A9EC6}.Release|Any CPU.Build.0 = Release|Any CPU
		{42B6415D-6B7A-4F14-B941-8A115FE26BB0}.Debug|Any CPU.ActiveCfg = Debug|Any CPU
		{42B6415D-6B7A-4F14-B941-8A115FE26BB0}.Debug|Any CPU.Build.0 = Debug|Any CPU
		{42B6415D-6B7A-4F14-B941-8A115FE26BB0}.Release|Any CPU.ActiveCfg = Release|Any CPU
		{42B6415D-6B7A-4F14-B941-8A115FE26BB0}.Release|Any CPU.Build.0 = Release|Any CPU
		{D37C93D4-ED72-466C-9E66-32E3B00D9ED6}.Debug|Any CPU.ActiveCfg = Debug|Any CPU
		{D37C93D4-ED72-466C-9E66-32E3B00D9ED6}.Debug|Any CPU.Build.0 = Debug|Any CPU
		{D37C93D4-ED72-466C-9E66-32E3B00D9ED6}.Release|Any CPU.ActiveCfg = Release|Any CPU
		{D37C93D4-ED72-466C-9E66-32E3B00D9ED6}.Release|Any CPU.Build.0 = Release|Any CPU
		{1AA0E9BA-83BD-4A77-9C99-80F0E718818F}.Debug|Any CPU.ActiveCfg = Debug|Any CPU
		{1AA0E9BA-83BD-4A77-9C99-80F0E718818F}.Debug|Any CPU.Build.0 = Debug|Any CPU
		{1AA0E9BA-83BD-4A77-9C99-80F0E718818F}.Release|Any CPU.ActiveCfg = Release|Any CPU
		{1AA0E9BA-83BD-4A77-9C99-80F0E718818F}.Release|Any CPU.Build.0 = Release|Any CPU
		{A6849E8D-D2EA-49FA-A0A5-78C11B9CB4BE}.Debug|Any CPU.ActiveCfg = Debug|Any CPU
		{A6849E8D-D2EA-49FA-A0A5-78C11B9CB4BE}.Debug|Any CPU.Build.0 = Debug|Any CPU
		{A6849E8D-D2EA-49FA-A0A5-78C11B9CB4BE}.Release|Any CPU.ActiveCfg = Release|Any CPU
		{A6849E8D-D2EA-49FA-A0A5-78C11B9CB4BE}.Release|Any CPU.Build.0 = Release|Any CPU
		{5B305480-6696-4B55-8A25-1A0AA41639DF}.Debug|Any CPU.ActiveCfg = Debug|Any CPU
		{5B305480-6696-4B55-8A25-1A0AA41639DF}.Debug|Any CPU.Build.0 = Debug|Any CPU
		{5B305480-6696-4B55-8A25-1A0AA41639DF}.Release|Any CPU.ActiveCfg = Release|Any CPU
		{5B305480-6696-4B55-8A25-1A0AA41639DF}.Release|Any CPU.Build.0 = Release|Any CPU
		{7CF71217-D747-4C6C-9BFB-6B212AF6554F}.Debug|Any CPU.ActiveCfg = Debug|Any CPU
		{7CF71217-D747-4C6C-9BFB-6B212AF6554F}.Debug|Any CPU.Build.0 = Debug|Any CPU
		{7CF71217-D747-4C6C-9BFB-6B212AF6554F}.Release|Any CPU.ActiveCfg = Release|Any CPU
		{7CF71217-D747-4C6C-9BFB-6B212AF6554F}.Release|Any CPU.Build.0 = Release|Any CPU
		{3FBF8BD2-7403-4B77-8094-55751C91BFEC}.Debug|Any CPU.ActiveCfg = Debug|Any CPU
		{3FBF8BD2-7403-4B77-8094-55751C91BFEC}.Debug|Any CPU.Build.0 = Debug|Any CPU
		{3FBF8BD2-7403-4B77-8094-55751C91BFEC}.Release|Any CPU.ActiveCfg = Release|Any CPU
		{3FBF8BD2-7403-4B77-8094-55751C91BFEC}.Release|Any CPU.Build.0 = Release|Any CPU
		{152E6370-B195-48AC-8B60-334139CB7F78}.Debug|Any CPU.ActiveCfg = Debug|Any CPU
		{152E6370-B195-48AC-8B60-334139CB7F78}.Debug|Any CPU.Build.0 = Debug|Any CPU
		{152E6370-B195-48AC-8B60-334139CB7F78}.Release|Any CPU.ActiveCfg = Release|Any CPU
		{152E6370-B195-48AC-8B60-334139CB7F78}.Release|Any CPU.Build.0 = Release|Any CPU
		{A46A2CDE-058A-4DEF-BEE7-74A44EB62E98}.Debug|Any CPU.ActiveCfg = Debug|Any CPU
		{A46A2CDE-058A-4DEF-BEE7-74A44EB62E98}.Debug|Any CPU.Build.0 = Debug|Any CPU
		{A46A2CDE-058A-4DEF-BEE7-74A44EB62E98}.Release|Any CPU.ActiveCfg = Release|Any CPU
		{A46A2CDE-058A-4DEF-BEE7-74A44EB62E98}.Release|Any CPU.Build.0 = Release|Any CPU
		{CA42C0A1-F3B9-4C93-B21E-91E90DAD3AA9}.Debug|Any CPU.ActiveCfg = Debug|Any CPU
		{CA42C0A1-F3B9-4C93-B21E-91E90DAD3AA9}.Debug|Any CPU.Build.0 = Debug|Any CPU
		{CA42C0A1-F3B9-4C93-B21E-91E90DAD3AA9}.Release|Any CPU.ActiveCfg = Release|Any CPU
		{CA42C0A1-F3B9-4C93-B21E-91E90DAD3AA9}.Release|Any CPU.Build.0 = Release|Any CPU
		{A4C1C37B-0751-4A73-A295-5A0543DEF112}.Debug|Any CPU.ActiveCfg = Debug|Any CPU
		{A4C1C37B-0751-4A73-A295-5A0543DEF112}.Debug|Any CPU.Build.0 = Debug|Any CPU
		{A4C1C37B-0751-4A73-A295-5A0543DEF112}.Release|Any CPU.ActiveCfg = Release|Any CPU
		{A4C1C37B-0751-4A73-A295-5A0543DEF112}.Release|Any CPU.Build.0 = Release|Any CPU
		{F09E4561-4621-4EA0-A65D-15EA8E534AF7}.Debug|Any CPU.ActiveCfg = Debug|Any CPU
		{F09E4561-4621-4EA0-A65D-15EA8E534AF7}.Debug|Any CPU.Build.0 = Debug|Any CPU
		{F09E4561-4621-4EA0-A65D-15EA8E534AF7}.Release|Any CPU.ActiveCfg = Release|Any CPU
		{F09E4561-4621-4EA0-A65D-15EA8E534AF7}.Release|Any CPU.Build.0 = Release|Any CPU
		{2E5D1652-E67C-4679-9EAA-49BFEEB574DD}.Debug|Any CPU.ActiveCfg = Debug|Any CPU
		{2E5D1652-E67C-4679-9EAA-49BFEEB574DD}.Debug|Any CPU.Build.0 = Debug|Any CPU
		{2E5D1652-E67C-4679-9EAA-49BFEEB574DD}.Release|Any CPU.ActiveCfg = Release|Any CPU
		{2E5D1652-E67C-4679-9EAA-49BFEEB574DD}.Release|Any CPU.Build.0 = Release|Any CPU
		{B387022E-EDDA-412B-B002-48A83CB3A982}.Debug|Any CPU.ActiveCfg = Debug|Any CPU
		{B387022E-EDDA-412B-B002-48A83CB3A982}.Debug|Any CPU.Build.0 = Debug|Any CPU
		{B387022E-EDDA-412B-B002-48A83CB3A982}.Release|Any CPU.ActiveCfg = Release|Any CPU
		{B387022E-EDDA-412B-B002-48A83CB3A982}.Release|Any CPU.Build.0 = Release|Any CPU
		{3F98227F-367F-428B-9C84-67790779FC78}.Debug|Any CPU.ActiveCfg = Debug|Any CPU
		{3F98227F-367F-428B-9C84-67790779FC78}.Debug|Any CPU.Build.0 = Debug|Any CPU
		{3F98227F-367F-428B-9C84-67790779FC78}.Release|Any CPU.ActiveCfg = Release|Any CPU
		{3F98227F-367F-428B-9C84-67790779FC78}.Release|Any CPU.Build.0 = Release|Any CPU
		{A3DB3099-69D8-4863-940E-E31275D069B6}.Debug|Any CPU.ActiveCfg = Debug|Any CPU
		{A3DB3099-69D8-4863-940E-E31275D069B6}.Debug|Any CPU.Build.0 = Debug|Any CPU
		{A3DB3099-69D8-4863-940E-E31275D069B6}.Release|Any CPU.ActiveCfg = Release|Any CPU
		{A3DB3099-69D8-4863-940E-E31275D069B6}.Release|Any CPU.Build.0 = Release|Any CPU
		{A8B80B0F-CD36-4F60-AA6F-744A236215C9}.Debug|Any CPU.ActiveCfg = Debug|Any CPU
		{A8B80B0F-CD36-4F60-AA6F-744A236215C9}.Debug|Any CPU.Build.0 = Debug|Any CPU
		{A8B80B0F-CD36-4F60-AA6F-744A236215C9}.Release|Any CPU.ActiveCfg = Release|Any CPU
		{A8B80B0F-CD36-4F60-AA6F-744A236215C9}.Release|Any CPU.Build.0 = Release|Any CPU
		{1462A8FD-67E1-4B5B-ACDB-738CB11429C8}.Debug|Any CPU.ActiveCfg = Debug|Any CPU
		{1462A8FD-67E1-4B5B-ACDB-738CB11429C8}.Debug|Any CPU.Build.0 = Debug|Any CPU
		{1462A8FD-67E1-4B5B-ACDB-738CB11429C8}.Release|Any CPU.ActiveCfg = Release|Any CPU
		{1462A8FD-67E1-4B5B-ACDB-738CB11429C8}.Release|Any CPU.Build.0 = Release|Any CPU
		{228DEDE4-9E1E-46B3-98EA-8A97C8178F83}.Debug|Any CPU.ActiveCfg = Debug|Any CPU
		{228DEDE4-9E1E-46B3-98EA-8A97C8178F83}.Debug|Any CPU.Build.0 = Debug|Any CPU
		{228DEDE4-9E1E-46B3-98EA-8A97C8178F83}.Release|Any CPU.ActiveCfg = Release|Any CPU
		{228DEDE4-9E1E-46B3-98EA-8A97C8178F83}.Release|Any CPU.Build.0 = Release|Any CPU
		{814FE25C-AC5E-4024-A95A-7B0CC78A144E}.Debug|Any CPU.ActiveCfg = Debug|Any CPU
		{814FE25C-AC5E-4024-A95A-7B0CC78A144E}.Debug|Any CPU.Build.0 = Debug|Any CPU
		{814FE25C-AC5E-4024-A95A-7B0CC78A144E}.Release|Any CPU.ActiveCfg = Release|Any CPU
		{814FE25C-AC5E-4024-A95A-7B0CC78A144E}.Release|Any CPU.Build.0 = Release|Any CPU
		{47E698A4-E1BE-4970-AEA0-FD4BF1CABCFC}.Debug|Any CPU.ActiveCfg = Debug|Any CPU
		{47E698A4-E1BE-4970-AEA0-FD4BF1CABCFC}.Debug|Any CPU.Build.0 = Debug|Any CPU
		{47E698A4-E1BE-4970-AEA0-FD4BF1CABCFC}.Release|Any CPU.ActiveCfg = Release|Any CPU
		{47E698A4-E1BE-4970-AEA0-FD4BF1CABCFC}.Release|Any CPU.Build.0 = Release|Any CPU
		{72A80EC0-DCBF-4F00-8E95-A7C5AEC4304E}.Debug|Any CPU.ActiveCfg = Debug|Any CPU
		{72A80EC0-DCBF-4F00-8E95-A7C5AEC4304E}.Debug|Any CPU.Build.0 = Debug|Any CPU
		{72A80EC0-DCBF-4F00-8E95-A7C5AEC4304E}.Release|Any CPU.ActiveCfg = Release|Any CPU
		{72A80EC0-DCBF-4F00-8E95-A7C5AEC4304E}.Release|Any CPU.Build.0 = Release|Any CPU
		{2BF767B6-D305-46E1-813A-577518397BD1}.Debug|Any CPU.ActiveCfg = Debug|Any CPU
		{2BF767B6-D305-46E1-813A-577518397BD1}.Debug|Any CPU.Build.0 = Debug|Any CPU
		{2BF767B6-D305-46E1-813A-577518397BD1}.Release|Any CPU.ActiveCfg = Release|Any CPU
		{2BF767B6-D305-46E1-813A-577518397BD1}.Release|Any CPU.Build.0 = Release|Any CPU
		{5D5CFE02-6379-4BED-94AD-746E2A287A46}.Debug|Any CPU.ActiveCfg = Debug|Any CPU
		{5D5CFE02-6379-4BED-94AD-746E2A287A46}.Debug|Any CPU.Build.0 = Debug|Any CPU
		{5D5CFE02-6379-4BED-94AD-746E2A287A46}.Release|Any CPU.ActiveCfg = Release|Any CPU
		{5D5CFE02-6379-4BED-94AD-746E2A287A46}.Release|Any CPU.Build.0 = Release|Any CPU
		{3541855A-F617-475F-B578-BAF6D27B0EA1}.Debug|Any CPU.ActiveCfg = Debug|Any CPU
		{3541855A-F617-475F-B578-BAF6D27B0EA1}.Debug|Any CPU.Build.0 = Debug|Any CPU
		{3541855A-F617-475F-B578-BAF6D27B0EA1}.Release|Any CPU.ActiveCfg = Release|Any CPU
		{3541855A-F617-475F-B578-BAF6D27B0EA1}.Release|Any CPU.Build.0 = Release|Any CPU
		{FE320D28-0B39-4535-8001-7C01654BB3EA}.Debug|Any CPU.ActiveCfg = Debug|Any CPU
		{FE320D28-0B39-4535-8001-7C01654BB3EA}.Debug|Any CPU.Build.0 = Debug|Any CPU
		{FE320D28-0B39-4535-8001-7C01654BB3EA}.Release|Any CPU.ActiveCfg = Release|Any CPU
		{FE320D28-0B39-4535-8001-7C01654BB3EA}.Release|Any CPU.Build.0 = Release|Any CPU
		{CBBB7F13-2138-4868-84D0-57E7829FC6F9}.Debug|Any CPU.ActiveCfg = Debug|Any CPU
		{CBBB7F13-2138-4868-84D0-57E7829FC6F9}.Debug|Any CPU.Build.0 = Debug|Any CPU
		{CBBB7F13-2138-4868-84D0-57E7829FC6F9}.Release|Any CPU.ActiveCfg = Release|Any CPU
		{CBBB7F13-2138-4868-84D0-57E7829FC6F9}.Release|Any CPU.Build.0 = Release|Any CPU
		{4C94EF53-3B5A-4092-8136-E20B6DB02447}.Debug|Any CPU.ActiveCfg = Debug|Any CPU
		{4C94EF53-3B5A-4092-8136-E20B6DB02447}.Debug|Any CPU.Build.0 = Debug|Any CPU
		{4C94EF53-3B5A-4092-8136-E20B6DB02447}.Release|Any CPU.ActiveCfg = Release|Any CPU
		{4C94EF53-3B5A-4092-8136-E20B6DB02447}.Release|Any CPU.Build.0 = Release|Any CPU
		{325C68E2-E093-416A-B751-5753CAD9C5BA}.Debug|Any CPU.ActiveCfg = Debug|Any CPU
		{325C68E2-E093-416A-B751-5753CAD9C5BA}.Debug|Any CPU.Build.0 = Debug|Any CPU
		{325C68E2-E093-416A-B751-5753CAD9C5BA}.Release|Any CPU.ActiveCfg = Release|Any CPU
		{325C68E2-E093-416A-B751-5753CAD9C5BA}.Release|Any CPU.Build.0 = Release|Any CPU
		{AD63F893-8045-4DC2-A39D-A7E41D1E9887}.Debug|Any CPU.ActiveCfg = Debug|Any CPU
		{AD63F893-8045-4DC2-A39D-A7E41D1E9887}.Debug|Any CPU.Build.0 = Debug|Any CPU
		{AD63F893-8045-4DC2-A39D-A7E41D1E9887}.Release|Any CPU.ActiveCfg = Release|Any CPU
		{AD63F893-8045-4DC2-A39D-A7E41D1E9887}.Release|Any CPU.Build.0 = Release|Any CPU
		{D45BDAC4-2C59-463F-B93E-AE7ECA29B7FA}.Debug|Any CPU.ActiveCfg = Debug|Any CPU
		{D45BDAC4-2C59-463F-B93E-AE7ECA29B7FA}.Debug|Any CPU.Build.0 = Debug|Any CPU
		{D45BDAC4-2C59-463F-B93E-AE7ECA29B7FA}.Release|Any CPU.ActiveCfg = Release|Any CPU
		{D45BDAC4-2C59-463F-B93E-AE7ECA29B7FA}.Release|Any CPU.Build.0 = Release|Any CPU
		{6D40471B-1C72-4585-AABD-AE54063D48AA}.Debug|Any CPU.ActiveCfg = Debug|Any CPU
		{6D40471B-1C72-4585-AABD-AE54063D48AA}.Debug|Any CPU.Build.0 = Debug|Any CPU
		{6D40471B-1C72-4585-AABD-AE54063D48AA}.Release|Any CPU.ActiveCfg = Release|Any CPU
		{6D40471B-1C72-4585-AABD-AE54063D48AA}.Release|Any CPU.Build.0 = Release|Any CPU
		{A05317D3-9E16-45B8-985F-3D53424BF6EB}.Debug|Any CPU.ActiveCfg = Debug|Any CPU
		{A05317D3-9E16-45B8-985F-3D53424BF6EB}.Debug|Any CPU.Build.0 = Debug|Any CPU
		{A05317D3-9E16-45B8-985F-3D53424BF6EB}.Release|Any CPU.ActiveCfg = Release|Any CPU
		{A05317D3-9E16-45B8-985F-3D53424BF6EB}.Release|Any CPU.Build.0 = Release|Any CPU
		{4D55C0CA-3790-49DF-A7B5-01A92CDD8F67}.Debug|Any CPU.ActiveCfg = Debug|Any CPU
		{4D55C0CA-3790-49DF-A7B5-01A92CDD8F67}.Debug|Any CPU.Build.0 = Debug|Any CPU
		{4D55C0CA-3790-49DF-A7B5-01A92CDD8F67}.Release|Any CPU.ActiveCfg = Release|Any CPU
		{4D55C0CA-3790-49DF-A7B5-01A92CDD8F67}.Release|Any CPU.Build.0 = Release|Any CPU
		{42BD80FD-9763-4BCF-A019-4063618B0B14}.Debug|Any CPU.ActiveCfg = Debug|Any CPU
		{42BD80FD-9763-4BCF-A019-4063618B0B14}.Debug|Any CPU.Build.0 = Debug|Any CPU
		{42BD80FD-9763-4BCF-A019-4063618B0B14}.Release|Any CPU.ActiveCfg = Release|Any CPU
		{42BD80FD-9763-4BCF-A019-4063618B0B14}.Release|Any CPU.Build.0 = Release|Any CPU
		{89A02500-0EB3-4B47-8B88-3FBA9B033FBE}.Debug|Any CPU.ActiveCfg = Debug|Any CPU
		{89A02500-0EB3-4B47-8B88-3FBA9B033FBE}.Debug|Any CPU.Build.0 = Debug|Any CPU
		{89A02500-0EB3-4B47-8B88-3FBA9B033FBE}.Release|Any CPU.ActiveCfg = Release|Any CPU
		{89A02500-0EB3-4B47-8B88-3FBA9B033FBE}.Release|Any CPU.Build.0 = Release|Any CPU
		{E9213708-239B-47A6-9FCE-C2DF5E4969DC}.Debug|Any CPU.ActiveCfg = Debug|Any CPU
		{E9213708-239B-47A6-9FCE-C2DF5E4969DC}.Debug|Any CPU.Build.0 = Debug|Any CPU
		{E9213708-239B-47A6-9FCE-C2DF5E4969DC}.Release|Any CPU.ActiveCfg = Release|Any CPU
		{E9213708-239B-47A6-9FCE-C2DF5E4969DC}.Release|Any CPU.Build.0 = Release|Any CPU
		{D6A14C74-5091-4417-AC0B-10FE13354A6B}.Debug|Any CPU.ActiveCfg = Debug|Any CPU
		{D6A14C74-5091-4417-AC0B-10FE13354A6B}.Debug|Any CPU.Build.0 = Debug|Any CPU
		{D6A14C74-5091-4417-AC0B-10FE13354A6B}.Release|Any CPU.ActiveCfg = Release|Any CPU
		{D6A14C74-5091-4417-AC0B-10FE13354A6B}.Release|Any CPU.Build.0 = Release|Any CPU
	EndGlobalSection
	GlobalSection(SolutionProperties) = preSolution
		HideSolutionNode = FALSE
	EndGlobalSection
EndGlobal
