
Microsoft Visual Studio Solution File, Format Version 12.00
# Visual Studio Express 2012 for Windows Desktop
Project("{FAE04EC0-301F-11D3-BF4B-00C04F79EFBC}") = "01-FillAndPrintMatrices", "FillAndPrintMatrices\01-FillAndPrintMatrices.csproj", "{18475E96-8EE6-4743-BA7D-88E7AA62C0DA}"
EndProject
Project("{FAE04EC0-301F-11D3-BF4B-00C04F79EFBC}") = "02-FindSquareWithMaxSum", "FindSquareWithMaxSum\02-FindSquareWithMaxSum.csproj", "{8CBDF572-FDBC-48E4-B88E-88B3927E0B30}"
EndProject
Project("{FAE04EC0-301F-11D3-BF4B-00C04F79EFBC}") = "03-MaxEquialSequenceInMatrix", "MaxEquialSequenceInMatrix\03-MaxEquialSequenceInMatrix.csproj", "{0C61AC72-AD5A-4D63-80EC-CD69D93F8D5F}"
EndProject
Project("{FAE04EC0-301F-11D3-BF4B-00C04F79EFBC}") = "04-FindANumberUsingBinarySearch", "FindANumberUsingBinarySearch\04-FindANumberUsingBinarySearch.csproj", "{783C88BD-0C3A-40E1-873C-950327D0F78C}"
EndProject
Project("{FAE04EC0-301F-11D3-BF4B-00C04F79EFBC}") = "05-SortWordsByLength", "SortWordsByLength\05-SortWordsByLength.csproj", "{B6676599-89E8-4BC2-8D66-EA1D01917CF1}"
EndProject
Project("{FAE04EC0-301F-11D3-BF4B-00C04F79EFBC}") = "06-ClassMatrix", "ClassMatrix\06-ClassMatrix.csproj", "{EF2B15BF-2F82-4749-BF1B-2240234E4FCD}"
EndProject
Project("{FAE04EC0-301F-11D3-BF4B-00C04F79EFBC}") = "07-LargestAreaOfEqual", "LargestAreaOfEqual\07-LargestAreaOfEqual.csproj", "{29D91865-19AE-402F-B235-7406A4856D68}"
EndProject
Global
	GlobalSection(SolutionConfigurationPlatforms) = preSolution
		Debug|Any CPU = Debug|Any CPU
		Release|Any CPU = Release|Any CPU
	EndGlobalSection
	GlobalSection(ProjectConfigurationPlatforms) = postSolution
		{18475E96-8EE6-4743-BA7D-88E7AA62C0DA}.Debug|Any CPU.ActiveCfg = Debug|Any CPU
		{18475E96-8EE6-4743-BA7D-88E7AA62C0DA}.Debug|Any CPU.Build.0 = Debug|Any CPU
		{18475E96-8EE6-4743-BA7D-88E7AA62C0DA}.Release|Any CPU.ActiveCfg = Release|Any CPU
		{18475E96-8EE6-4743-BA7D-88E7AA62C0DA}.Release|Any CPU.Build.0 = Release|Any CPU
		{8CBDF572-FDBC-48E4-B88E-88B3927E0B30}.Debug|Any CPU.ActiveCfg = Debug|Any CPU
		{8CBDF572-FDBC-48E4-B88E-88B3927E0B30}.Debug|Any CPU.Build.0 = Debug|Any CPU
		{8CBDF572-FDBC-48E4-B88E-88B3927E0B30}.Release|Any CPU.ActiveCfg = Release|Any CPU
		{8CBDF572-FDBC-48E4-B88E-88B3927E0B30}.Release|Any CPU.Build.0 = Release|Any CPU
		{0C61AC72-AD5A-4D63-80EC-CD69D93F8D5F}.Debug|Any CPU.ActiveCfg = Debug|Any CPU
		{0C61AC72-AD5A-4D63-80EC-CD69D93F8D5F}.Debug|Any CPU.Build.0 = Debug|Any CPU
		{0C61AC72-AD5A-4D63-80EC-CD69D93F8D5F}.Release|Any CPU.ActiveCfg = Release|Any CPU
		{0C61AC72-AD5A-4D63-80EC-CD69D93F8D5F}.Release|Any CPU.Build.0 = Release|Any CPU
		{783C88BD-0C3A-40E1-873C-950327D0F78C}.Debug|Any CPU.ActiveCfg = Debug|Any CPU
		{783C88BD-0C3A-40E1-873C-950327D0F78C}.Debug|Any CPU.Build.0 = Debug|Any CPU
		{783C88BD-0C3A-40E1-873C-950327D0F78C}.Release|Any CPU.ActiveCfg = Release|Any CPU
		{783C88BD-0C3A-40E1-873C-950327D0F78C}.Release|Any CPU.Build.0 = Release|Any CPU
		{B6676599-89E8-4BC2-8D66-EA1D01917CF1}.Debug|Any CPU.ActiveCfg = Debug|Any CPU
		{B6676599-89E8-4BC2-8D66-EA1D01917CF1}.Debug|Any CPU.Build.0 = Debug|Any CPU
		{B6676599-89E8-4BC2-8D66-EA1D01917CF1}.Release|Any CPU.ActiveCfg = Release|Any CPU
		{B6676599-89E8-4BC2-8D66-EA1D01917CF1}.Release|Any CPU.Build.0 = Release|Any CPU
		{EF2B15BF-2F82-4749-BF1B-2240234E4FCD}.Debug|Any CPU.ActiveCfg = Debug|Any CPU
		{EF2B15BF-2F82-4749-BF1B-2240234E4FCD}.Debug|Any CPU.Build.0 = Debug|Any CPU
		{EF2B15BF-2F82-4749-BF1B-2240234E4FCD}.Release|Any CPU.ActiveCfg = Release|Any CPU
		{EF2B15BF-2F82-4749-BF1B-2240234E4FCD}.Release|Any CPU.Build.0 = Release|Any CPU
		{29D91865-19AE-402F-B235-7406A4856D68}.Debug|Any CPU.ActiveCfg = Debug|Any CPU
		{29D91865-19AE-402F-B235-7406A4856D68}.Debug|Any CPU.Build.0 = Debug|Any CPU
		{29D91865-19AE-402F-B235-7406A4856D68}.Release|Any CPU.ActiveCfg = Release|Any CPU
		{29D91865-19AE-402F-B235-7406A4856D68}.Release|Any CPU.Build.0 = Release|Any CPU
	EndGlobalSection
	GlobalSection(SolutionProperties) = preSolution
		HideSolutionNode = FALSE
	EndGlobalSection
EndGlobal
