
Microsoft Visual Studio Solution File, Format Version 12.00
# Visual Studio Express 2012 for Windows Desktop
Project("{FAE04EC0-301F-11D3-BF4B-00C04F79EFBC}") = "01-PrintSumNumbers", "PrintSumNumbers\01-PrintSumNumbers.csproj", "{61F5DB71-528E-48FE-BF3A-7E865A998FFC}"
EndProject
Project("{FAE04EC0-301F-11D3-BF4B-00C04F79EFBC}") = "02-PrintAreaAndPerimeterOfCircle", "PrintAreaAndPerimeterOfCircle\02-PrintAreaAndPerimeterOfCircle.csproj", "{3E2D1631-92EA-41F0-9D23-9E25999DDA82}"
EndProject
Project("{FAE04EC0-301F-11D3-BF4B-00C04F79EFBC}") = "03-CompanyAndManagerInfo", "CompanyAndManagerInfo\03-CompanyAndManagerInfo.csproj", "{6B7A3413-921C-4037-AB68-24D896B0E252}"
EndProject
Project("{FAE04EC0-301F-11D3-BF4B-00C04F79EFBC}") = "04-NumbersBetweenTwoNumbers", "NumbersBetweenTwoNumbers\04-NumbersBetweenTwoNumbers.csproj", "{0AB9E9B4-74EA-4BEB-80F8-D3D704D04A79}"
EndProject
Project("{FAE04EC0-301F-11D3-BF4B-00C04F79EFBC}") = "05-PrintGreaterNumber", "PrintGreaterNumber\05-PrintGreaterNumber.csproj", "{ACB8D935-8686-4607-A32D-0F0D40F20068}"
EndProject
Project("{FAE04EC0-301F-11D3-BF4B-00C04F79EFBC}") = "06-CoefficientsOfQuadraticEquation", "CoefficientsOfQuadraticEquation\06-CoefficientsOfQuadraticEquation.csproj", "{20B05972-D402-4CCC-9F5A-F1A0E8F8AAC2}"
EndProject
Project("{FAE04EC0-301F-11D3-BF4B-00C04F79EFBC}") = "11-FallingRocksGame", "FallingRocksGame\11-FallingRocksGame.csproj", "{432C2F6E-CEF0-4F7B-95B6-12B25A406FC9}"
EndProject
Project("{FAE04EC0-301F-11D3-BF4B-00C04F79EFBC}") = "07-N-Numbers-From-N", "N-Numbers-From-N\07-N-Numbers-From-N.csproj", "{75DBD940-E5BC-4AB5-8339-7D0862D350A6}"
EndProject
Project("{FAE04EC0-301F-11D3-BF4B-00C04F79EFBC}") = "08-NumbersFrom1toN", "NumbersFrom1toN\08-NumbersFrom1toN.csproj", "{7456E324-D379-4CF5-92FC-4099161E9AF6}"
EndProject
Project("{FAE04EC0-301F-11D3-BF4B-00C04F79EFBC}") = "09-First100FibonacciNumbers", "First100FibonacciNumbers\09-First100FibonacciNumbers.csproj", "{F54B23D4-52DF-4BA7-A27B-0FB757854850}"
EndProject
Project("{FAE04EC0-301F-11D3-BF4B-00C04F79EFBC}") = "10-SumWithAccuracy", "SumWithAccuracy\10-SumWithAccuracy.csproj", "{683402A0-9234-4D06-96C6-C7E51B7FDB00}"
EndProject
Global
	GlobalSection(SolutionConfigurationPlatforms) = preSolution
		Debug|Any CPU = Debug|Any CPU
		Release|Any CPU = Release|Any CPU
	EndGlobalSection
	GlobalSection(ProjectConfigurationPlatforms) = postSolution
		{61F5DB71-528E-48FE-BF3A-7E865A998FFC}.Debug|Any CPU.ActiveCfg = Debug|Any CPU
		{61F5DB71-528E-48FE-BF3A-7E865A998FFC}.Debug|Any CPU.Build.0 = Debug|Any CPU
		{61F5DB71-528E-48FE-BF3A-7E865A998FFC}.Release|Any CPU.ActiveCfg = Release|Any CPU
		{61F5DB71-528E-48FE-BF3A-7E865A998FFC}.Release|Any CPU.Build.0 = Release|Any CPU
		{3E2D1631-92EA-41F0-9D23-9E25999DDA82}.Debug|Any CPU.ActiveCfg = Debug|Any CPU
		{3E2D1631-92EA-41F0-9D23-9E25999DDA82}.Debug|Any CPU.Build.0 = Debug|Any CPU
		{3E2D1631-92EA-41F0-9D23-9E25999DDA82}.Release|Any CPU.ActiveCfg = Release|Any CPU
		{3E2D1631-92EA-41F0-9D23-9E25999DDA82}.Release|Any CPU.Build.0 = Release|Any CPU
		{6B7A3413-921C-4037-AB68-24D896B0E252}.Debug|Any CPU.ActiveCfg = Debug|Any CPU
		{6B7A3413-921C-4037-AB68-24D896B0E252}.Debug|Any CPU.Build.0 = Debug|Any CPU
		{6B7A3413-921C-4037-AB68-24D896B0E252}.Release|Any CPU.ActiveCfg = Release|Any CPU
		{6B7A3413-921C-4037-AB68-24D896B0E252}.Release|Any CPU.Build.0 = Release|Any CPU
		{0AB9E9B4-74EA-4BEB-80F8-D3D704D04A79}.Debug|Any CPU.ActiveCfg = Debug|Any CPU
		{0AB9E9B4-74EA-4BEB-80F8-D3D704D04A79}.Debug|Any CPU.Build.0 = Debug|Any CPU
		{0AB9E9B4-74EA-4BEB-80F8-D3D704D04A79}.Release|Any CPU.ActiveCfg = Release|Any CPU
		{0AB9E9B4-74EA-4BEB-80F8-D3D704D04A79}.Release|Any CPU.Build.0 = Release|Any CPU
		{ACB8D935-8686-4607-A32D-0F0D40F20068}.Debug|Any CPU.ActiveCfg = Debug|Any CPU
		{ACB8D935-8686-4607-A32D-0F0D40F20068}.Debug|Any CPU.Build.0 = Debug|Any CPU
		{ACB8D935-8686-4607-A32D-0F0D40F20068}.Release|Any CPU.ActiveCfg = Release|Any CPU
		{ACB8D935-8686-4607-A32D-0F0D40F20068}.Release|Any CPU.Build.0 = Release|Any CPU
		{20B05972-D402-4CCC-9F5A-F1A0E8F8AAC2}.Debug|Any CPU.ActiveCfg = Debug|Any CPU
		{20B05972-D402-4CCC-9F5A-F1A0E8F8AAC2}.Debug|Any CPU.Build.0 = Debug|Any CPU
		{20B05972-D402-4CCC-9F5A-F1A0E8F8AAC2}.Release|Any CPU.ActiveCfg = Release|Any CPU
		{20B05972-D402-4CCC-9F5A-F1A0E8F8AAC2}.Release|Any CPU.Build.0 = Release|Any CPU
		{432C2F6E-CEF0-4F7B-95B6-12B25A406FC9}.Debug|Any CPU.ActiveCfg = Debug|Any CPU
		{432C2F6E-CEF0-4F7B-95B6-12B25A406FC9}.Debug|Any CPU.Build.0 = Debug|Any CPU
		{432C2F6E-CEF0-4F7B-95B6-12B25A406FC9}.Release|Any CPU.ActiveCfg = Release|Any CPU
		{432C2F6E-CEF0-4F7B-95B6-12B25A406FC9}.Release|Any CPU.Build.0 = Release|Any CPU
		{75DBD940-E5BC-4AB5-8339-7D0862D350A6}.Debug|Any CPU.ActiveCfg = Debug|Any CPU
		{75DBD940-E5BC-4AB5-8339-7D0862D350A6}.Debug|Any CPU.Build.0 = Debug|Any CPU
		{75DBD940-E5BC-4AB5-8339-7D0862D350A6}.Release|Any CPU.ActiveCfg = Release|Any CPU
		{75DBD940-E5BC-4AB5-8339-7D0862D350A6}.Release|Any CPU.Build.0 = Release|Any CPU
		{7456E324-D379-4CF5-92FC-4099161E9AF6}.Debug|Any CPU.ActiveCfg = Debug|Any CPU
		{7456E324-D379-4CF5-92FC-4099161E9AF6}.Debug|Any CPU.Build.0 = Debug|Any CPU
		{7456E324-D379-4CF5-92FC-4099161E9AF6}.Release|Any CPU.ActiveCfg = Release|Any CPU
		{7456E324-D379-4CF5-92FC-4099161E9AF6}.Release|Any CPU.Build.0 = Release|Any CPU
		{F54B23D4-52DF-4BA7-A27B-0FB757854850}.Debug|Any CPU.ActiveCfg = Debug|Any CPU
		{F54B23D4-52DF-4BA7-A27B-0FB757854850}.Debug|Any CPU.Build.0 = Debug|Any CPU
		{F54B23D4-52DF-4BA7-A27B-0FB757854850}.Release|Any CPU.ActiveCfg = Release|Any CPU
		{F54B23D4-52DF-4BA7-A27B-0FB757854850}.Release|Any CPU.Build.0 = Release|Any CPU
		{683402A0-9234-4D06-96C6-C7E51B7FDB00}.Debug|Any CPU.ActiveCfg = Debug|Any CPU
		{683402A0-9234-4D06-96C6-C7E51B7FDB00}.Debug|Any CPU.Build.0 = Debug|Any CPU
		{683402A0-9234-4D06-96C6-C7E51B7FDB00}.Release|Any CPU.ActiveCfg = Release|Any CPU
		{683402A0-9234-4D06-96C6-C7E51B7FDB00}.Release|Any CPU.Build.0 = Release|Any CPU
	EndGlobalSection
	GlobalSection(SolutionProperties) = preSolution
		HideSolutionNode = FALSE
	EndGlobalSection
EndGlobal
