
Microsoft Visual Studio Solution File, Format Version 12.00
# Visual Studio 2013
VisualStudioVersion = 12.0.30324.0
MinimumVisualStudioVersion = 10.0.40219.1
Project("{FAE04EC0-301F-11D3-BF4B-00C04F79EFBC}") = "01.RandomDivElements", "RandomDivElements\01.RandomDivElements.csproj", "{53801DA8-03CE-42AA-85A7-51BAED0E4267}"
EndProject
Project("{FAE04EC0-301F-11D3-BF4B-00C04F79EFBC}") = "02.CircularDivs", "CircularDivs\02.CircularDivs.csproj", "{51073758-0D4A-4132-BFF6-7F3935DE7D8C}"
EndProject
Project("{FAE04EC0-301F-11D3-BF4B-00C04F79EFBC}") = "03.QuerrySelectors", "QuerrySelectors\03.QuerrySelectors.csproj", "{E4AD3C29-C6B5-4900-8FE7-89F11A7D2969}"
EndProject
Project("{FAE04EC0-301F-11D3-BF4B-00C04F79EFBC}") = "04.ColourfulTextarea", "ColourfulTextarea\04.ColourfulTextarea.csproj", "{46A891AA-8814-4604-AEE4-A6CD191CB77A}"
EndProject
Project("{FAE04EC0-301F-11D3-BF4B-00C04F79EFBC}") = "05.TagsCloud", "TagsCloud\05.TagsCloud.csproj", "{86E1654E-8546-42EC-BAE2-ED1F94C79793}"
EndProject
Project("{FAE04EC0-301F-11D3-BF4B-00C04F79EFBC}") = "06.TreeView", "TreeView\06.TreeView.csproj", "{6E5635B3-A685-4621-832B-BB18765EB362}"
EndProject
Global
	GlobalSection(SolutionConfigurationPlatforms) = preSolution
		Debug|Any CPU = Debug|Any CPU
		Release|Any CPU = Release|Any CPU
	EndGlobalSection
	GlobalSection(ProjectConfigurationPlatforms) = postSolution
		{53801DA8-03CE-42AA-85A7-51BAED0E4267}.Debug|Any CPU.ActiveCfg = Debug|Any CPU
		{53801DA8-03CE-42AA-85A7-51BAED0E4267}.Debug|Any CPU.Build.0 = Debug|Any CPU
		{53801DA8-03CE-42AA-85A7-51BAED0E4267}.Release|Any CPU.ActiveCfg = Release|Any CPU
		{53801DA8-03CE-42AA-85A7-51BAED0E4267}.Release|Any CPU.Build.0 = Release|Any CPU
		{51073758-0D4A-4132-BFF6-7F3935DE7D8C}.Debug|Any CPU.ActiveCfg = Debug|Any CPU
		{51073758-0D4A-4132-BFF6-7F3935DE7D8C}.Debug|Any CPU.Build.0 = Debug|Any CPU
		{51073758-0D4A-4132-BFF6-7F3935DE7D8C}.Release|Any CPU.ActiveCfg = Release|Any CPU
		{51073758-0D4A-4132-BFF6-7F3935DE7D8C}.Release|Any CPU.Build.0 = Release|Any CPU
		{E4AD3C29-C6B5-4900-8FE7-89F11A7D2969}.Debug|Any CPU.ActiveCfg = Debug|Any CPU
		{E4AD3C29-C6B5-4900-8FE7-89F11A7D2969}.Debug|Any CPU.Build.0 = Debug|Any CPU
		{E4AD3C29-C6B5-4900-8FE7-89F11A7D2969}.Release|Any CPU.ActiveCfg = Release|Any CPU
		{E4AD3C29-C6B5-4900-8FE7-89F11A7D2969}.Release|Any CPU.Build.0 = Release|Any CPU
		{46A891AA-8814-4604-AEE4-A6CD191CB77A}.Debug|Any CPU.ActiveCfg = Debug|Any CPU
		{46A891AA-8814-4604-AEE4-A6CD191CB77A}.Debug|Any CPU.Build.0 = Debug|Any CPU
		{46A891AA-8814-4604-AEE4-A6CD191CB77A}.Release|Any CPU.ActiveCfg = Release|Any CPU
		{46A891AA-8814-4604-AEE4-A6CD191CB77A}.Release|Any CPU.Build.0 = Release|Any CPU
		{86E1654E-8546-42EC-BAE2-ED1F94C79793}.Debug|Any CPU.ActiveCfg = Debug|Any CPU
		{86E1654E-8546-42EC-BAE2-ED1F94C79793}.Debug|Any CPU.Build.0 = Debug|Any CPU
		{86E1654E-8546-42EC-BAE2-ED1F94C79793}.Release|Any CPU.ActiveCfg = Release|Any CPU
		{86E1654E-8546-42EC-BAE2-ED1F94C79793}.Release|Any CPU.Build.0 = Release|Any CPU
		{6E5635B3-A685-4621-832B-BB18765EB362}.Debug|Any CPU.ActiveCfg = Debug|Any CPU
		{6E5635B3-A685-4621-832B-BB18765EB362}.Debug|Any CPU.Build.0 = Debug|Any CPU
		{6E5635B3-A685-4621-832B-BB18765EB362}.Release|Any CPU.ActiveCfg = Release|Any CPU
		{6E5635B3-A685-4621-832B-BB18765EB362}.Release|Any CPU.Build.0 = Release|Any CPU
	EndGlobalSection
	GlobalSection(SolutionProperties) = preSolution
		HideSolutionNode = FALSE
	EndGlobalSection
EndGlobal
