
Microsoft Visual Studio Solution File, Format Version 12.00
# Visual Studio 2013
VisualStudioVersion = 12.0.21005.1
MinimumVisualStudioVersion = 10.0.40219.1
Project("{FAE04EC0-301F-11D3-BF4B-00C04F79EFBC}") = "01-TextFiles", "TextFiles\01-TextFiles.csproj", "{13B59734-F325-431B-95CD-410A37E2BE75}"
EndProject
Project("{FAE04EC0-301F-11D3-BF4B-00C04F79EFBC}") = "02-ConcatenateTextFiles", "ConcatenateTextFiles\02-ConcatenateTextFiles.csproj", "{E4AE58A3-6CD0-4F8A-BC49-EF69B9285D3D}"
EndProject
Project("{FAE04EC0-301F-11D3-BF4B-00C04F79EFBC}") = "03-InsertLineNumbers", "InsertLineNumbers\03-InsertLineNumbers.csproj", "{67B7AD7D-D7C9-438C-A05E-0E4AD60F2256}"
EndProject
Project("{FAE04EC0-301F-11D3-BF4B-00C04F79EFBC}") = "04-CompareLines", "CompareLines\04-CompareLines.csproj", "{FEDF44FB-8779-4BFE-8BB2-07172E189DC5}"
EndProject
Project("{FAE04EC0-301F-11D3-BF4B-00C04F79EFBC}") = "05-MaximalSumMatrix", "MaximalSumMatrix\05-MaximalSumMatrix.csproj", "{728DC760-9C1D-436D-AD1F-60835226B6E3}"
EndProject
Project("{FAE04EC0-301F-11D3-BF4B-00C04F79EFBC}") = "06-SortStrings", "SortStrings\06-SortStrings.csproj", "{10526D1D-9719-407E-ADFC-2E216EB4128B}"
EndProject
Project("{FAE04EC0-301F-11D3-BF4B-00C04F79EFBC}") = "07-ReplaceOccurances", "ReplaceOccurances\07-ReplaceOccurances.csproj", "{AE66B051-6598-4875-AD97-6C52950EDA0E}"
EndProject
Project("{FAE04EC0-301F-11D3-BF4B-00C04F79EFBC}") = "08-ReplaceWholeWords", "ReplaceWholeWords\08-ReplaceWholeWords.csproj", "{292BC615-13F1-4E4D-9794-5E73F152D369}"
EndProject
Project("{FAE04EC0-301F-11D3-BF4B-00C04F79EFBC}") = "09-DeleteOddLines", "DeleteOddLines\09-DeleteOddLines.csproj", "{1925F197-E396-4590-A59E-84A0DF15CD7E}"
EndProject
Project("{FAE04EC0-301F-11D3-BF4B-00C04F79EFBC}") = "10-ExtractTextFromXML", "ExtractTextFromXML\10-ExtractTextFromXML.csproj", "{1F53C738-53E7-4A66-95E6-57E15C169B47}"
EndProject
Project("{FAE04EC0-301F-11D3-BF4B-00C04F79EFBC}") = "11-RemoveWithTest", "RemoveWithTest\11-RemoveWithTest.csproj", "{6F302392-D225-47F9-B107-8EEE619DAD08}"
EndProject
Project("{FAE04EC0-301F-11D3-BF4B-00C04F79EFBC}") = "12-RemoveWords", "RemoveWords\12-RemoveWords.csproj", "{9331677C-BFAB-4DBC-8B96-2547BCE8DB27}"
EndProject
Project("{FAE04EC0-301F-11D3-BF4B-00C04F79EFBC}") = "13-ExtractAndSort", "ExtractAndSort\13-ExtractAndSort.csproj", "{0F888B5F-49E8-4A11-A142-8D8F90918418}"
EndProject
Global
	GlobalSection(SolutionConfigurationPlatforms) = preSolution
		Debug|Any CPU = Debug|Any CPU
		Release|Any CPU = Release|Any CPU
	EndGlobalSection
	GlobalSection(ProjectConfigurationPlatforms) = postSolution
		{13B59734-F325-431B-95CD-410A37E2BE75}.Debug|Any CPU.ActiveCfg = Debug|Any CPU
		{13B59734-F325-431B-95CD-410A37E2BE75}.Debug|Any CPU.Build.0 = Debug|Any CPU
		{13B59734-F325-431B-95CD-410A37E2BE75}.Release|Any CPU.ActiveCfg = Release|Any CPU
		{13B59734-F325-431B-95CD-410A37E2BE75}.Release|Any CPU.Build.0 = Release|Any CPU
		{E4AE58A3-6CD0-4F8A-BC49-EF69B9285D3D}.Debug|Any CPU.ActiveCfg = Debug|Any CPU
		{E4AE58A3-6CD0-4F8A-BC49-EF69B9285D3D}.Debug|Any CPU.Build.0 = Debug|Any CPU
		{E4AE58A3-6CD0-4F8A-BC49-EF69B9285D3D}.Release|Any CPU.ActiveCfg = Release|Any CPU
		{E4AE58A3-6CD0-4F8A-BC49-EF69B9285D3D}.Release|Any CPU.Build.0 = Release|Any CPU
		{67B7AD7D-D7C9-438C-A05E-0E4AD60F2256}.Debug|Any CPU.ActiveCfg = Debug|Any CPU
		{67B7AD7D-D7C9-438C-A05E-0E4AD60F2256}.Debug|Any CPU.Build.0 = Debug|Any CPU
		{67B7AD7D-D7C9-438C-A05E-0E4AD60F2256}.Release|Any CPU.ActiveCfg = Release|Any CPU
		{67B7AD7D-D7C9-438C-A05E-0E4AD60F2256}.Release|Any CPU.Build.0 = Release|Any CPU
		{FEDF44FB-8779-4BFE-8BB2-07172E189DC5}.Debug|Any CPU.ActiveCfg = Debug|Any CPU
		{FEDF44FB-8779-4BFE-8BB2-07172E189DC5}.Debug|Any CPU.Build.0 = Debug|Any CPU
		{FEDF44FB-8779-4BFE-8BB2-07172E189DC5}.Release|Any CPU.ActiveCfg = Release|Any CPU
		{FEDF44FB-8779-4BFE-8BB2-07172E189DC5}.Release|Any CPU.Build.0 = Release|Any CPU
		{728DC760-9C1D-436D-AD1F-60835226B6E3}.Debug|Any CPU.ActiveCfg = Debug|Any CPU
		{728DC760-9C1D-436D-AD1F-60835226B6E3}.Debug|Any CPU.Build.0 = Debug|Any CPU
		{728DC760-9C1D-436D-AD1F-60835226B6E3}.Release|Any CPU.ActiveCfg = Release|Any CPU
		{728DC760-9C1D-436D-AD1F-60835226B6E3}.Release|Any CPU.Build.0 = Release|Any CPU
		{10526D1D-9719-407E-ADFC-2E216EB4128B}.Debug|Any CPU.ActiveCfg = Debug|Any CPU
		{10526D1D-9719-407E-ADFC-2E216EB4128B}.Debug|Any CPU.Build.0 = Debug|Any CPU
		{10526D1D-9719-407E-ADFC-2E216EB4128B}.Release|Any CPU.ActiveCfg = Release|Any CPU
		{10526D1D-9719-407E-ADFC-2E216EB4128B}.Release|Any CPU.Build.0 = Release|Any CPU
		{AE66B051-6598-4875-AD97-6C52950EDA0E}.Debug|Any CPU.ActiveCfg = Debug|Any CPU
		{AE66B051-6598-4875-AD97-6C52950EDA0E}.Debug|Any CPU.Build.0 = Debug|Any CPU
		{AE66B051-6598-4875-AD97-6C52950EDA0E}.Release|Any CPU.ActiveCfg = Release|Any CPU
		{AE66B051-6598-4875-AD97-6C52950EDA0E}.Release|Any CPU.Build.0 = Release|Any CPU
		{292BC615-13F1-4E4D-9794-5E73F152D369}.Debug|Any CPU.ActiveCfg = Debug|Any CPU
		{292BC615-13F1-4E4D-9794-5E73F152D369}.Debug|Any CPU.Build.0 = Debug|Any CPU
		{292BC615-13F1-4E4D-9794-5E73F152D369}.Release|Any CPU.ActiveCfg = Release|Any CPU
		{292BC615-13F1-4E4D-9794-5E73F152D369}.Release|Any CPU.Build.0 = Release|Any CPU
		{1925F197-E396-4590-A59E-84A0DF15CD7E}.Debug|Any CPU.ActiveCfg = Debug|Any CPU
		{1925F197-E396-4590-A59E-84A0DF15CD7E}.Debug|Any CPU.Build.0 = Debug|Any CPU
		{1925F197-E396-4590-A59E-84A0DF15CD7E}.Release|Any CPU.ActiveCfg = Release|Any CPU
		{1925F197-E396-4590-A59E-84A0DF15CD7E}.Release|Any CPU.Build.0 = Release|Any CPU
		{1F53C738-53E7-4A66-95E6-57E15C169B47}.Debug|Any CPU.ActiveCfg = Debug|Any CPU
		{1F53C738-53E7-4A66-95E6-57E15C169B47}.Debug|Any CPU.Build.0 = Debug|Any CPU
		{1F53C738-53E7-4A66-95E6-57E15C169B47}.Release|Any CPU.ActiveCfg = Release|Any CPU
		{1F53C738-53E7-4A66-95E6-57E15C169B47}.Release|Any CPU.Build.0 = Release|Any CPU
		{6F302392-D225-47F9-B107-8EEE619DAD08}.Debug|Any CPU.ActiveCfg = Debug|Any CPU
		{6F302392-D225-47F9-B107-8EEE619DAD08}.Debug|Any CPU.Build.0 = Debug|Any CPU
		{6F302392-D225-47F9-B107-8EEE619DAD08}.Release|Any CPU.ActiveCfg = Release|Any CPU
		{6F302392-D225-47F9-B107-8EEE619DAD08}.Release|Any CPU.Build.0 = Release|Any CPU
		{9331677C-BFAB-4DBC-8B96-2547BCE8DB27}.Debug|Any CPU.ActiveCfg = Debug|Any CPU
		{9331677C-BFAB-4DBC-8B96-2547BCE8DB27}.Debug|Any CPU.Build.0 = Debug|Any CPU
		{9331677C-BFAB-4DBC-8B96-2547BCE8DB27}.Release|Any CPU.ActiveCfg = Release|Any CPU
		{9331677C-BFAB-4DBC-8B96-2547BCE8DB27}.Release|Any CPU.Build.0 = Release|Any CPU
		{0F888B5F-49E8-4A11-A142-8D8F90918418}.Debug|Any CPU.ActiveCfg = Debug|Any CPU
		{0F888B5F-49E8-4A11-A142-8D8F90918418}.Debug|Any CPU.Build.0 = Debug|Any CPU
		{0F888B5F-49E8-4A11-A142-8D8F90918418}.Release|Any CPU.ActiveCfg = Release|Any CPU
		{0F888B5F-49E8-4A11-A142-8D8F90918418}.Release|Any CPU.Build.0 = Release|Any CPU
	EndGlobalSection
	GlobalSection(SolutionProperties) = preSolution
		HideSolutionNode = FALSE
	EndGlobalSection
EndGlobal
